// !$*UTF8*$!
{
	archiveVersion = 1;
	classes = {
	};
	objectVersion = 52;
	objects = {

/* Begin PBXBuildFile section */
		040044102626542F007C4DEF /* FormSignUpView2.swift in Sources */ = {isa = PBXBuildFile; fileRef = 0400440F2626542F007C4DEF /* FormSignUpView2.swift */; };
		0400441826267068007C4DEF /* ObjectDocumentPersonTypeByContry.swift in Sources */ = {isa = PBXBuildFile; fileRef = 0400441726267068007C4DEF /* ObjectDocumentPersonTypeByContry.swift */; };
		0400441D262670A1007C4DEF /* ObjectErrorDocumentPersonTypeByContry.swift in Sources */ = {isa = PBXBuildFile; fileRef = 0400441C262670A1007C4DEF /* ObjectErrorDocumentPersonTypeByContry.swift */; };
		0400442226267404007C4DEF /* SpinnerDocumentPersonByCountry.swift in Sources */ = {isa = PBXBuildFile; fileRef = 0400442126267404007C4DEF /* SpinnerDocumentPersonByCountry.swift */; };
		0406178F2581822E0028860D /* SpinnerCountry.swift in Sources */ = {isa = PBXBuildFile; fileRef = 0406178E2581822E0028860D /* SpinnerCountry.swift */; };
		0422337B2513B84C00AEB65F /* RechargeConfirmationView.swift in Sources */ = {isa = PBXBuildFile; fileRef = 0422337A2513B84C00AEB65F /* RechargeConfirmationView.swift */; };
		0422337D2513EA8D00AEB65F /* SucesfullRechargeView.swift in Sources */ = {isa = PBXBuildFile; fileRef = 0422337C2513EA8D00AEB65F /* SucesfullRechargeView.swift */; };
		0422338225140EC300AEB65F /* WithdrawalView.swift in Sources */ = {isa = PBXBuildFile; fileRef = 0422338125140EC300AEB65F /* WithdrawalView.swift */; };
		042233842514121C00AEB65F /* WithdrawalConfirmationView.swift in Sources */ = {isa = PBXBuildFile; fileRef = 042233832514121C00AEB65F /* WithdrawalConfirmationView.swift */; };
		042233862514134B00AEB65F /* SucesfullWithdrawalView.swift in Sources */ = {isa = PBXBuildFile; fileRef = 042233852514134B00AEB65F /* SucesfullWithdrawalView.swift */; };
		0422338B251551F600AEB65F /* TopUpView.swift in Sources */ = {isa = PBXBuildFile; fileRef = 0422338A251551F600AEB65F /* TopUpView.swift */; };
		043FEC86251BE2EE005C518B /* RecoverPasswordView.swift in Sources */ = {isa = PBXBuildFile; fileRef = 043FEC85251BE2EE005C518B /* RecoverPasswordView.swift */; };
		043FEC8E251BF601005C518B /* SecurityLevelView.swift in Sources */ = {isa = PBXBuildFile; fileRef = 043FEC8D251BF601005C518B /* SecurityLevelView.swift */; };
		043FEC93251BFD5B005C518B /* SuccesfulRecoverView.swift in Sources */ = {isa = PBXBuildFile; fileRef = 043FEC92251BFD5B005C518B /* SuccesfulRecoverView.swift */; };
		044BD0B12548AEF5005A6754 /* SecurityQuestionsView.swift in Sources */ = {isa = PBXBuildFile; fileRef = 044BD0B02548AEF5005A6754 /* SecurityQuestionsView.swift */; };
		044BD0BB2548CEBE005A6754 /* SuccessfulQuestionsView.swift in Sources */ = {isa = PBXBuildFile; fileRef = 044BD0BA2548CEBE005A6754 /* SuccessfulQuestionsView.swift */; };
		045375A725475CF400D12D77 /* ObjectRegisterUser.swift in Sources */ = {isa = PBXBuildFile; fileRef = 045375A625475CF400D12D77 /* ObjectRegisterUser.swift */; };
		045375B9254790F600D12D77 /* ObjectErrorRegisterUser.swift in Sources */ = {isa = PBXBuildFile; fileRef = 045375B8254790F600D12D77 /* ObjectErrorRegisterUser.swift */; };
		045951BF262E4D5B00DC25F0 /* SpinnerCountryR.swift in Sources */ = {isa = PBXBuildFile; fileRef = 045951BE262E4D5B00DC25F0 /* SpinnerCountryR.swift */; };
		045951C7262E4D7700DC25F0 /* SpinnerBankR.swift in Sources */ = {isa = PBXBuildFile; fileRef = 045951C6262E4D7700DC25F0 /* SpinnerBankR.swift */; };
		045951CF262E4D8C00DC25F0 /* SpinnerProductR.swift in Sources */ = {isa = PBXBuildFile; fileRef = 045951CE262E4D8C00DC25F0 /* SpinnerProductR.swift */; };
		045951EF262FBD0600DC25F0 /* ObjectManualRecharge.swift in Sources */ = {isa = PBXBuildFile; fileRef = 045951EE262FBD0500DC25F0 /* ObjectManualRecharge.swift */; };
		045951F4262FBD1900DC25F0 /* ObjectErrorManualRecharge.swift in Sources */ = {isa = PBXBuildFile; fileRef = 045951F3262FBD1900DC25F0 /* ObjectErrorManualRecharge.swift */; };
		045D398D25718EBC00A98BCA /* ChangePasswordView.swift in Sources */ = {isa = PBXBuildFile; fileRef = 045D398C25718EBC00A98BCA /* ChangePasswordView.swift */; };
		045D399525719B2900A98BCA /* SuccessfulChangeView.swift in Sources */ = {isa = PBXBuildFile; fileRef = 045D399425719B2900A98BCA /* SuccessfulChangeView.swift */; };
		0471A9F92567542B00498491 /* ObjectSecretQuestions.swift in Sources */ = {isa = PBXBuildFile; fileRef = 0471A9F82567542B00498491 /* ObjectSecretQuestions.swift */; };
		0471A9FE2567551C00498491 /* ObjectErrorSecretQuestions.swift in Sources */ = {isa = PBXBuildFile; fileRef = 0471A9FD2567551C00498491 /* ObjectErrorSecretQuestions.swift */; };
		0471AA03256755BD00498491 /* SecretQuestionsController.swift in Sources */ = {isa = PBXBuildFile; fileRef = 0471AA02256755BD00498491 /* SecretQuestionsController.swift */; };
		0480418F255E19520025357E /* ObjectTokenAplication.swift in Sources */ = {isa = PBXBuildFile; fileRef = 0480418E255E19520025357E /* ObjectTokenAplication.swift */; };
		04804194255E19FC0025357E /* ObjectErrorTokenAplication.swift in Sources */ = {isa = PBXBuildFile; fileRef = 04804193255E19FC0025357E /* ObjectErrorTokenAplication.swift */; };
		0480419A255E1AB40025357E /* RecoverController.swift in Sources */ = {isa = PBXBuildFile; fileRef = 04804199255E1AB40025357E /* RecoverController.swift */; };
		048612212549A799008E51CE /* ObjectToken.swift in Sources */ = {isa = PBXBuildFile; fileRef = 048612202549A799008E51CE /* ObjectToken.swift */; };
		048612262549AA5F008E51CE /* ObjectErrorToken.swift in Sources */ = {isa = PBXBuildFile; fileRef = 048612252549AA5F008E51CE /* ObjectErrorToken.swift */; };
		049132E82577065A00698369 /* ValidateAccountController.swift in Sources */ = {isa = PBXBuildFile; fileRef = 049132E72577065A00698369 /* ValidateAccountController.swift */; };
		049132ED257707FE00698369 /* ObjectValidateAccount.swift in Sources */ = {isa = PBXBuildFile; fileRef = 049132EC257707FE00698369 /* ObjectValidateAccount.swift */; };
		049132F22577081600698369 /* ObjectErrorValidateAccount.swift in Sources */ = {isa = PBXBuildFile; fileRef = 049132F12577081600698369 /* ObjectErrorValidateAccount.swift */; };
		0492CD8A256F418F009C5CD9 /* ObjectPreguntasSecretasUsuario.swift in Sources */ = {isa = PBXBuildFile; fileRef = 0492CD89256F418F009C5CD9 /* ObjectPreguntasSecretasUsuario.swift */; };
		0492CD8F256F41A4009C5CD9 /* ObjectErrorPreguntasSecretasUsuario.swift in Sources */ = {isa = PBXBuildFile; fileRef = 0492CD8E256F41A4009C5CD9 /* ObjectErrorPreguntasSecretasUsuario.swift */; };
		049FC9062582AE7F00133FD7 /* SpinnerBank.swift in Sources */ = {isa = PBXBuildFile; fileRef = 049FC9052582AE7F00133FD7 /* SpinnerBank.swift */; };
		049FC90B2582B32C00133FD7 /* SpinnerProduct.swift in Sources */ = {isa = PBXBuildFile; fileRef = 049FC90A2582B32C00133FD7 /* SpinnerProduct.swift */; };
		049FC9162582F13A00133FD7 /* ObjectManualWithdrawals.swift in Sources */ = {isa = PBXBuildFile; fileRef = 049FC9152582F13A00133FD7 /* ObjectManualWithdrawals.swift */; };
		049FC91B2582F14800133FD7 /* ObjectErrorManualWithdrawals.swift in Sources */ = {isa = PBXBuildFile; fileRef = 049FC91A2582F14800133FD7 /* ObjectErrorManualWithdrawals.swift */; };
		04B2F4332513A82800DBDA03 /* RechargeView.swift in Sources */ = {isa = PBXBuildFile; fileRef = 04B2F4322513A82800DBDA03 /* RechargeView.swift */; };
		04B6828125632D3000834E95 /* ObjectChangePassForgot.swift in Sources */ = {isa = PBXBuildFile; fileRef = 04B6828025632D3000834E95 /* ObjectChangePassForgot.swift */; };
		04B6828625632F8D00834E95 /* ObjectErrorPassForgot.swift in Sources */ = {isa = PBXBuildFile; fileRef = 04B6828525632F8D00834E95 /* ObjectErrorPassForgot.swift */; };
		04BEBC3125157E0700960B9F /* ProductTopUpView.swift in Sources */ = {isa = PBXBuildFile; fileRef = 04BEBC3025157E0700960B9F /* ProductTopUpView.swift */; };
		04BEBC332515829600960B9F /* SuccessTopUpView.swift in Sources */ = {isa = PBXBuildFile; fileRef = 04BEBC322515829600960B9F /* SuccessTopUpView.swift */; };
		04CD77212628A55800453557 /* ObjectParameterOptional.swift in Sources */ = {isa = PBXBuildFile; fileRef = 04CD77202628A55800453557 /* ObjectParameterOptional.swift */; };
		04CF66952579A75F006688BA /* WithdrawalControler.swift in Sources */ = {isa = PBXBuildFile; fileRef = 04CF66942579A75F006688BA /* WithdrawalControler.swift */; };
		04CF669A2579B27D006688BA /* ObjectBankByCountry.swift in Sources */ = {isa = PBXBuildFile; fileRef = 04CF66992579B27D006688BA /* ObjectBankByCountry.swift */; };
		04CF669F2579B2A3006688BA /* ObjectErrorBankByCountry.swift in Sources */ = {isa = PBXBuildFile; fileRef = 04CF669E2579B2A3006688BA /* ObjectErrorBankByCountry.swift */; };
		04D322C52518E54C00F3F38C /* ConfirmationTopUpView.swift in Sources */ = {isa = PBXBuildFile; fileRef = 04D322C42518E54C00F3F38C /* ConfirmationTopUpView.swift */; };
		04D322D52518EA4E00F3F38C /* OperationKeyTopUpView.swift in Sources */ = {isa = PBXBuildFile; fileRef = 04D322D42518EA4E00F3F38C /* OperationKeyTopUpView.swift */; };
		04D6DA41251913210053125C /* ConvertView.swift in Sources */ = {isa = PBXBuildFile; fileRef = 04D6DA40251913210053125C /* ConvertView.swift */; };
		04D6DA49251946650053125C /* CommissionView.swift in Sources */ = {isa = PBXBuildFile; fileRef = 04D6DA48251946650053125C /* CommissionView.swift */; };
		04D6DA51251953B00053125C /* OperationKeyConvertView.swift in Sources */ = {isa = PBXBuildFile; fileRef = 04D6DA50251953B00053125C /* OperationKeyConvertView.swift */; };
		04D6DA562519551E0053125C /* ConfirmationConvertView.swift in Sources */ = {isa = PBXBuildFile; fileRef = 04D6DA552519551E0053125C /* ConfirmationConvertView.swift */; };
		04D6DA62251A4A9B0053125C /* ValidateAccountView.swift in Sources */ = {isa = PBXBuildFile; fileRef = 04D6DA61251A4A9B0053125C /* ValidateAccountView.swift */; };
		04D6DA6D251A5C3F0053125C /* AccountExpiredView.swift in Sources */ = {isa = PBXBuildFile; fileRef = 04D6DA6C251A5C3F0053125C /* AccountExpiredView.swift */; };
		04D6DA77251A968D0053125C /* ValidateAccountFirstView.swift in Sources */ = {isa = PBXBuildFile; fileRef = 04D6DA76251A968D0053125C /* ValidateAccountFirstView.swift */; };
		04D6DA7F251A98630053125C /* TakePhotoView.swift in Sources */ = {isa = PBXBuildFile; fileRef = 04D6DA7E251A98630053125C /* TakePhotoView.swift */; };
		04D6DA84251AA2C70053125C /* PhotoView.swift in Sources */ = {isa = PBXBuildFile; fileRef = 04D6DA83251AA2C70053125C /* PhotoView.swift */; };
		04D6DA89251AA5690053125C /* StepTwoView.swift in Sources */ = {isa = PBXBuildFile; fileRef = 04D6DA88251AA5690053125C /* StepTwoView.swift */; };
		04D6DA8E251AABC10053125C /* PhotoViewStepTwoView.swift in Sources */ = {isa = PBXBuildFile; fileRef = 04D6DA8D251AABC10053125C /* PhotoViewStepTwoView.swift */; };
		04D6DA93251AAC880053125C /* ValidateAdressView.swift in Sources */ = {isa = PBXBuildFile; fileRef = 04D6DA92251AAC880053125C /* ValidateAdressView.swift */; };
		04E3D09E251AB9D700DA1B31 /* SuccesfullValidateView.swift in Sources */ = {isa = PBXBuildFile; fileRef = 04E3D09D251AB9D700DA1B31 /* SuccesfullValidateView.swift */; };
		04ECA1212537CC7600A77BA1 /* RegisterController.swift in Sources */ = {isa = PBXBuildFile; fileRef = 04ECA1202537CC7600A77BA1 /* RegisterController.swift */; };
		04ECA1292537D6A900A77BA1 /* ObjetCountry.swift in Sources */ = {isa = PBXBuildFile; fileRef = 04ECA1282537D6A900A77BA1 /* ObjetCountry.swift */; };
		04ECA12E2537DEA500A77BA1 /* ObjetErrorCountry.swift in Sources */ = {isa = PBXBuildFile; fileRef = 04ECA12D2537DEA500A77BA1 /* ObjetErrorCountry.swift */; };
		04F85F84257B065400A35C83 /* ObjectProductsByBank.swift in Sources */ = {isa = PBXBuildFile; fileRef = 04F85F83257B065400A35C83 /* ObjectProductsByBank.swift */; };
		04F85F89257B068100A35C83 /* ObjectErrorProductsByBank.swift in Sources */ = {isa = PBXBuildFile; fileRef = 04F85F88257B068100A35C83 /* ObjectErrorProductsByBank.swift */; };
		467C04BA24D857F30021F472 /* AppDelegate.swift in Sources */ = {isa = PBXBuildFile; fileRef = 467C04B924D857F30021F472 /* AppDelegate.swift */; };
		467C04BC24D857F30021F472 /* SceneDelegate.swift in Sources */ = {isa = PBXBuildFile; fileRef = 467C04BB24D857F30021F472 /* SceneDelegate.swift */; };
		467C04C024D857F40021F472 /* Assets.xcassets in Resources */ = {isa = PBXBuildFile; fileRef = 467C04BF24D857F40021F472 /* Assets.xcassets */; };
		467C04C324D857F40021F472 /* Preview Assets.xcassets in Resources */ = {isa = PBXBuildFile; fileRef = 467C04C224D857F40021F472 /* Preview Assets.xcassets */; };
		467C04C624D857F40021F472 /* LaunchScreen.storyboard in Resources */ = {isa = PBXBuildFile; fileRef = 467C04C424D857F40021F472 /* LaunchScreen.storyboard */; };
		467C04D124D857F40021F472 /* AlodigaWalletAppTests.swift in Sources */ = {isa = PBXBuildFile; fileRef = 467C04D024D857F40021F472 /* AlodigaWalletAppTests.swift */; };
		467C04DC24D857F40021F472 /* AlodigaWalletAppUITests.swift in Sources */ = {isa = PBXBuildFile; fileRef = 467C04DB24D857F40021F472 /* AlodigaWalletAppUITests.swift */; };
		46870D5724FD96A600984049 /* TransferenceView.swift in Sources */ = {isa = PBXBuildFile; fileRef = 46870D5624FD96A600984049 /* TransferenceView.swift */; };
		46870D62250281AF00984049 /* Constans.swift in Sources */ = {isa = PBXBuildFile; fileRef = 46870D61250281AF00984049 /* Constans.swift */; };
		46870D642502825400984049 /* ExtensionColor.swift in Sources */ = {isa = PBXBuildFile; fileRef = 46870D632502825400984049 /* ExtensionColor.swift */; };
		46B2713D24DB22B4005DB0C1 /* FloatingLabelTextFieldSwiftUI in Frameworks */ = {isa = PBXBuildFile; productRef = 46B2713C24DB22B4005DB0C1 /* FloatingLabelTextFieldSwiftUI */; };
		46B2714124DDABEE005DB0C1 /* main.storyboard in Resources */ = {isa = PBXBuildFile; fileRef = 46B2714024DDABEE005DB0C1 /* main.storyboard */; };
		46B271BC24E463D5005DB0C1 /* UIDevice.swift in Sources */ = {isa = PBXBuildFile; fileRef = 46B271BB24E463D5005DB0C1 /* UIDevice.swift */; };
		46B271BE24EAE225005DB0C1 /* Color.xcassets in Resources */ = {isa = PBXBuildFile; fileRef = 46B271BD24EAE225005DB0C1 /* Color.xcassets */; };
		46B271F624FA7903005DB0C1 /* MenuView.swift in Sources */ = {isa = PBXBuildFile; fileRef = 46B271F524FA7903005DB0C1 /* MenuView.swift */; };
		46B271F824FD2831005DB0C1 /* LoginView.swift in Sources */ = {isa = PBXBuildFile; fileRef = 46B271F724FD2830005DB0C1 /* LoginView.swift */; };
		46B271FA24FD626B005DB0C1 /* MainViewLogged.swift in Sources */ = {isa = PBXBuildFile; fileRef = 46B271F924FD626B005DB0C1 /* MainViewLogged.swift */; };
		46B2721024FD8280005DB0C1 /* Localizable.strings in Resources */ = {isa = PBXBuildFile; fileRef = 46B2720D24FD820A005DB0C1 /* Localizable.strings */; };
		46DBC46B250BC236008D42B3 /* RecoverPasswordByTokenView.swift in Sources */ = {isa = PBXBuildFile; fileRef = 46DBC46A250BC236008D42B3 /* RecoverPasswordByTokenView.swift */; };
		46DBC472251284B9008D42B3 /* ConfirmationQRView.swift in Sources */ = {isa = PBXBuildFile; fileRef = 46DBC471251284B9008D42B3 /* ConfirmationQRView.swift */; };
		46DBC4742512851E008D42B3 /* OperationsKeyQRView.swift in Sources */ = {isa = PBXBuildFile; fileRef = 46DBC4732512851E008D42B3 /* OperationsKeyQRView.swift */; };
		46DBC4762512852E008D42B3 /* PaymentBusinessesQRView.swift in Sources */ = {isa = PBXBuildFile; fileRef = 46DBC4752512852E008D42B3 /* PaymentBusinessesQRView.swift */; };
		46DBC47825128547008D42B3 /* SuccesfulPaymentQRView.swift in Sources */ = {isa = PBXBuildFile; fileRef = 46DBC47725128546008D42B3 /* SuccesfulPaymentQRView.swift */; };
		46DBC47A2512855A008D42B3 /* TargetCustomerQRView.swift in Sources */ = {isa = PBXBuildFile; fileRef = 46DBC4792512855A008D42B3 /* TargetCustomerQRView.swift */; };
		46DBC47C2512866C008D42B3 /* ConfirmationView.swift in Sources */ = {isa = PBXBuildFile; fileRef = 46DBC47B2512866C008D42B3 /* ConfirmationView.swift */; };
		46DBC47E2512869E008D42B3 /* OperationsKeyView.swift in Sources */ = {isa = PBXBuildFile; fileRef = 46DBC47D2512869E008D42B3 /* OperationsKeyView.swift */; };
		46DBC480251286C4008D42B3 /* SuccesfulTransactionView.swift in Sources */ = {isa = PBXBuildFile; fileRef = 46DBC47F251286C4008D42B3 /* SuccesfulTransactionView.swift */; };
		46DBC482251286E6008D42B3 /* TargetCustomerView.swift in Sources */ = {isa = PBXBuildFile; fileRef = 46DBC481251286E6008D42B3 /* TargetCustomerView.swift */; };
		46DBC4862512879B008D42B3 /* FormSignUpView.swift in Sources */ = {isa = PBXBuildFile; fileRef = 46DBC4852512879B008D42B3 /* FormSignUpView.swift */; };
		46DBC488251287C4008D42B3 /* PassByTokenView.swift in Sources */ = {isa = PBXBuildFile; fileRef = 46DBC487251287C4008D42B3 /* PassByTokenView.swift */; };
		46DBC48A251287DF008D42B3 /* SignUpView.swift in Sources */ = {isa = PBXBuildFile; fileRef = 46DBC489251287DF008D42B3 /* SignUpView.swift */; };
		46DBC48C25128804008D42B3 /* WelcomeView.swift in Sources */ = {isa = PBXBuildFile; fileRef = 46DBC48B25128804008D42B3 /* WelcomeView.swift */; };
		BA1B8B8325545277002A6892 /* remittancesStep1.swift in Sources */ = {isa = PBXBuildFile; fileRef = BA1B8B8225545277002A6892 /* remittancesStep1.swift */; };
		BA1B8B95255C11B2002A6892 /* SpinnerOption.swift in Sources */ = {isa = PBXBuildFile; fileRef = BA1B8B94255C11B2002A6892 /* SpinnerOption.swift */; };
		BA1B8BA0255C1985002A6892 /* SpinnerCurrencyTransference.swift in Sources */ = {isa = PBXBuildFile; fileRef = BA1B8B9F255C1985002A6892 /* SpinnerCurrencyTransference.swift */; };
		BA1B8BA82562DD27002A6892 /* TransferenceController.swift in Sources */ = {isa = PBXBuildFile; fileRef = BA1B8BA72562DD27002A6892 /* TransferenceController.swift */; };
		BA1B8BB62562F5C5002A6892 /* ObjectGetUsuarioByEmail.swift in Sources */ = {isa = PBXBuildFile; fileRef = BA1B8BB52562F5C5002A6892 /* ObjectGetUsuarioByEmail.swift */; };
		BA1B8BBE256351C6002A6892 /* ObjectGetUsuarioByMovil.swift in Sources */ = {isa = PBXBuildFile; fileRef = BA1B8BBD256351C6002A6892 /* ObjectGetUsuarioByMovil.swift */; };
		BA1B8BC325636672002A6892 /* ObjectGetUsuarioByMovilError.swift in Sources */ = {isa = PBXBuildFile; fileRef = BA1B8BC225636672002A6892 /* ObjectGetUsuarioByMovilError.swift */; };
		BA1B8BC82563668B002A6892 /* ObjectGetUsuarioByEmailError.swift in Sources */ = {isa = PBXBuildFile; fileRef = BA1B8BC72563668B002A6892 /* ObjectGetUsuarioByEmailError.swift */; };
		BA647E1925406E0200598944 /* ShowAlert.swift in Sources */ = {isa = PBXBuildFile; fileRef = BA647E1825406E0200598944 /* ShowAlert.swift */; };
		BA6AC2E825644DE00072E6C5 /* Utils.swift in Sources */ = {isa = PBXBuildFile; fileRef = BA6AC2E725644DE00072E6C5 /* Utils.swift */; };
		BA6AC2ED2564AA790072E6C5 /* FailCodeOperation.swift in Sources */ = {isa = PBXBuildFile; fileRef = BA6AC2EC2564AA790072E6C5 /* FailCodeOperation.swift */; };
		BA6AC2FB256752990072E6C5 /* ObjectCodeOprationError.swift in Sources */ = {isa = PBXBuildFile; fileRef = BA6AC2FA256752990072E6C5 /* ObjectCodeOprationError.swift */; };
		BA6AC3002567FBA20072E6C5 /* ObjectProccesTransferenceError.swift in Sources */ = {isa = PBXBuildFile; fileRef = BA6AC2FF2567FBA20072E6C5 /* ObjectProccesTransferenceError.swift */; };
		BA6AC3052567FCD10072E6C5 /* ObjectProcessTransference.swift in Sources */ = {isa = PBXBuildFile; fileRef = BA6AC3042567FCD10072E6C5 /* ObjectProcessTransference.swift */; };
		BA6AC310256D5E5B0072E6C5 /* TransferenceQr.swift in Sources */ = {isa = PBXBuildFile; fileRef = BA6AC30F256D5E5B0072E6C5 /* TransferenceQr.swift */; };
		BA6AC327257D1C7E0072E6C5 /* ChangePasswordController.swift in Sources */ = {isa = PBXBuildFile; fileRef = BA6AC326257D1C7E0072E6C5 /* ChangePasswordController.swift */; };
		BA6AC33925813B9D0072E6C5 /* Progress.swift in Sources */ = {isa = PBXBuildFile; fileRef = BA6AC33825813B9D0072E6C5 /* Progress.swift */; };
		BA6AF4C625BF00D20079125F /* Client-Alodiga.swift in Sources */ = {isa = PBXBuildFile; fileRef = BA6AF4C525BF00D20079125F /* Client-Alodiga.swift */; };
		BA6AF4E025C246210079125F /* RegistroUnificado-Client.swift in Sources */ = {isa = PBXBuildFile; fileRef = BA6AF4DF25C246210079125F /* RegistroUnificado-Client.swift */; };
		BA6B7FAC262F8A7B00E4184D /* SpinnerSecretQuestions.swift in Sources */ = {isa = PBXBuildFile; fileRef = BA6B7FAB262F8A7A00E4184D /* SpinnerSecretQuestions.swift */; };
		BA6B7FB1262F8A8800E4184D /* SpinnerSecundSecretQuestions.swift in Sources */ = {isa = PBXBuildFile; fileRef = BA6B7FB0262F8A8800E4184D /* SpinnerSecundSecretQuestions.swift */; };
		BA6B7FB6262F8A9000E4184D /* SpinnerUltSecretQuestion.swift in Sources */ = {isa = PBXBuildFile; fileRef = BA6B7FB5262F8A9000E4184D /* SpinnerUltSecretQuestion.swift */; };
		BA6B7FBE2630ACB700E4184D /* ObjectKeyEncript.swift in Sources */ = {isa = PBXBuildFile; fileRef = BA6B7FBD2630ACB700E4184D /* ObjectKeyEncript.swift */; };
		BAC6171A2583EB490057CBC4 /* Loading.swift in Sources */ = {isa = PBXBuildFile; fileRef = BAC617192583EB490057CBC4 /* Loading.swift */; };
		BAC6171F2583F1F00057CBC4 /* Loadinv2.swift in Sources */ = {isa = PBXBuildFile; fileRef = BAC6171E2583F1F00057CBC4 /* Loadinv2.swift */; };
		BAC617242583F4CA0057CBC4 /* LoadingV3.swift in Sources */ = {isa = PBXBuildFile; fileRef = BAC617232583F4CA0057CBC4 /* LoadingV3.swift */; };
		BAE1E9B6252BA9D5007F9CD6 /* ObjetError.swift in Sources */ = {isa = PBXBuildFile; fileRef = BAE1E9B5252BA9D5007F9CD6 /* ObjetError.swift */; };
		BAE1E9BB252BA9EB007F9CD6 /* WebServicesCall.swift in Sources */ = {isa = PBXBuildFile; fileRef = BAE1E9BA252BA9EB007F9CD6 /* WebServicesCall.swift */; };
		BAE1E9E6252BC13E007F9CD6 /* ResponseController.swift in Sources */ = {isa = PBXBuildFile; fileRef = BAE1E9E5252BC13E007F9CD6 /* ResponseController.swift */; };
		BAE1E9F1252BC687007F9CD6 /* ParseXMLData.swift in Sources */ = {isa = PBXBuildFile; fileRef = BAE1E9F0252BC687007F9CD6 /* ParseXMLData.swift */; };
		BAE1E9F6252BE894007F9CD6 /* ObjectRegistroUnificado.swift in Sources */ = {isa = PBXBuildFile; fileRef = BAE1E9F5252BE894007F9CD6 /* ObjectRegistroUnificado.swift */; };
		BAE1EA50252E04B2007F9CD6 /* ObjectAlodiga.swift in Sources */ = {isa = PBXBuildFile; fileRef = BAE1EA4F252E04B2007F9CD6 /* ObjectAlodiga.swift */; };
		BAE1EA55252E04EF007F9CD6 /* ObjectBase.swift in Sources */ = {isa = PBXBuildFile; fileRef = BAE1EA54252E04EF007F9CD6 /* ObjectBase.swift */; };
		BAE1EA65252E8DCB007F9CD6 /* LoginController.swift in Sources */ = {isa = PBXBuildFile; fileRef = BAE1EA64252E8DCB007F9CD6 /* LoginController.swift */; };
		BAE1EA6A252EAEB4007F9CD6 /* ObjectLogin.swift in Sources */ = {isa = PBXBuildFile; fileRef = BAE1EA69252EAEB4007F9CD6 /* ObjectLogin.swift */; };
		BAE1EA6F252EC9EA007F9CD6 /* ObjectErrorLogin.swift in Sources */ = {isa = PBXBuildFile; fileRef = BAE1EA6E252EC9EA007F9CD6 /* ObjectErrorLogin.swift */; };
/* End PBXBuildFile section */

/* Begin PBXContainerItemProxy section */
		467C04CD24D857F40021F472 /* PBXContainerItemProxy */ = {
			isa = PBXContainerItemProxy;
			containerPortal = 467C04AE24D857F20021F472 /* Project object */;
			proxyType = 1;
			remoteGlobalIDString = 467C04B524D857F20021F472;
			remoteInfo = AlodigaWalletApp;
		};
		467C04D824D857F40021F472 /* PBXContainerItemProxy */ = {
			isa = PBXContainerItemProxy;
			containerPortal = 467C04AE24D857F20021F472 /* Project object */;
			proxyType = 1;
			remoteGlobalIDString = 467C04B524D857F20021F472;
			remoteInfo = AlodigaWalletApp;
		};
/* End PBXContainerItemProxy section */

/* Begin PBXFileReference section */
		0400440F2626542F007C4DEF /* FormSignUpView2.swift */ = {isa = PBXFileReference; lastKnownFileType = sourcecode.swift; path = FormSignUpView2.swift; sourceTree = "<group>"; };
		0400441726267068007C4DEF /* ObjectDocumentPersonTypeByContry.swift */ = {isa = PBXFileReference; lastKnownFileType = sourcecode.swift; path = ObjectDocumentPersonTypeByContry.swift; sourceTree = "<group>"; };
		0400441C262670A1007C4DEF /* ObjectErrorDocumentPersonTypeByContry.swift */ = {isa = PBXFileReference; lastKnownFileType = sourcecode.swift; path = ObjectErrorDocumentPersonTypeByContry.swift; sourceTree = "<group>"; };
		0400442126267404007C4DEF /* SpinnerDocumentPersonByCountry.swift */ = {isa = PBXFileReference; lastKnownFileType = sourcecode.swift; path = SpinnerDocumentPersonByCountry.swift; sourceTree = "<group>"; };
		0406178E2581822E0028860D /* SpinnerCountry.swift */ = {isa = PBXFileReference; lastKnownFileType = sourcecode.swift; path = SpinnerCountry.swift; sourceTree = "<group>"; };
		0422337A2513B84C00AEB65F /* RechargeConfirmationView.swift */ = {isa = PBXFileReference; lastKnownFileType = sourcecode.swift; path = RechargeConfirmationView.swift; sourceTree = "<group>"; };
		0422337C2513EA8D00AEB65F /* SucesfullRechargeView.swift */ = {isa = PBXFileReference; lastKnownFileType = sourcecode.swift; path = SucesfullRechargeView.swift; sourceTree = "<group>"; };
		0422338125140EC300AEB65F /* WithdrawalView.swift */ = {isa = PBXFileReference; lastKnownFileType = sourcecode.swift; path = WithdrawalView.swift; sourceTree = "<group>"; };
		042233832514121C00AEB65F /* WithdrawalConfirmationView.swift */ = {isa = PBXFileReference; lastKnownFileType = sourcecode.swift; path = WithdrawalConfirmationView.swift; sourceTree = "<group>"; };
		042233852514134B00AEB65F /* SucesfullWithdrawalView.swift */ = {isa = PBXFileReference; lastKnownFileType = sourcecode.swift; path = SucesfullWithdrawalView.swift; sourceTree = "<group>"; };
		0422338A251551F600AEB65F /* TopUpView.swift */ = {isa = PBXFileReference; lastKnownFileType = sourcecode.swift; path = TopUpView.swift; sourceTree = "<group>"; };
		043FEC85251BE2EE005C518B /* RecoverPasswordView.swift */ = {isa = PBXFileReference; lastKnownFileType = sourcecode.swift; path = RecoverPasswordView.swift; sourceTree = "<group>"; };
		043FEC8D251BF601005C518B /* SecurityLevelView.swift */ = {isa = PBXFileReference; lastKnownFileType = sourcecode.swift; path = SecurityLevelView.swift; sourceTree = "<group>"; };
		043FEC92251BFD5B005C518B /* SuccesfulRecoverView.swift */ = {isa = PBXFileReference; lastKnownFileType = sourcecode.swift; path = SuccesfulRecoverView.swift; sourceTree = "<group>"; };
		044BD0B02548AEF5005A6754 /* SecurityQuestionsView.swift */ = {isa = PBXFileReference; lastKnownFileType = sourcecode.swift; path = SecurityQuestionsView.swift; sourceTree = "<group>"; };
		044BD0BA2548CEBE005A6754 /* SuccessfulQuestionsView.swift */ = {isa = PBXFileReference; lastKnownFileType = sourcecode.swift; path = SuccessfulQuestionsView.swift; sourceTree = "<group>"; };
		045375A625475CF400D12D77 /* ObjectRegisterUser.swift */ = {isa = PBXFileReference; lastKnownFileType = sourcecode.swift; path = ObjectRegisterUser.swift; sourceTree = "<group>"; };
		045375B8254790F600D12D77 /* ObjectErrorRegisterUser.swift */ = {isa = PBXFileReference; lastKnownFileType = sourcecode.swift; path = ObjectErrorRegisterUser.swift; sourceTree = "<group>"; };
		045951BE262E4D5B00DC25F0 /* SpinnerCountryR.swift */ = {isa = PBXFileReference; lastKnownFileType = sourcecode.swift; path = SpinnerCountryR.swift; sourceTree = "<group>"; };
		045951C6262E4D7700DC25F0 /* SpinnerBankR.swift */ = {isa = PBXFileReference; lastKnownFileType = sourcecode.swift; path = SpinnerBankR.swift; sourceTree = "<group>"; };
		045951CE262E4D8C00DC25F0 /* SpinnerProductR.swift */ = {isa = PBXFileReference; lastKnownFileType = sourcecode.swift; path = SpinnerProductR.swift; sourceTree = "<group>"; };
		045951EE262FBD0500DC25F0 /* ObjectManualRecharge.swift */ = {isa = PBXFileReference; lastKnownFileType = sourcecode.swift; path = ObjectManualRecharge.swift; sourceTree = "<group>"; };
		045951F3262FBD1900DC25F0 /* ObjectErrorManualRecharge.swift */ = {isa = PBXFileReference; lastKnownFileType = sourcecode.swift; path = ObjectErrorManualRecharge.swift; sourceTree = "<group>"; };
		045D398C25718EBC00A98BCA /* ChangePasswordView.swift */ = {isa = PBXFileReference; lastKnownFileType = sourcecode.swift; path = ChangePasswordView.swift; sourceTree = "<group>"; };
		045D399425719B2900A98BCA /* SuccessfulChangeView.swift */ = {isa = PBXFileReference; lastKnownFileType = sourcecode.swift; path = SuccessfulChangeView.swift; sourceTree = "<group>"; };
		0471A9F82567542B00498491 /* ObjectSecretQuestions.swift */ = {isa = PBXFileReference; lastKnownFileType = sourcecode.swift; path = ObjectSecretQuestions.swift; sourceTree = "<group>"; };
		0471A9FD2567551C00498491 /* ObjectErrorSecretQuestions.swift */ = {isa = PBXFileReference; lastKnownFileType = sourcecode.swift; path = ObjectErrorSecretQuestions.swift; sourceTree = "<group>"; };
		0471AA02256755BD00498491 /* SecretQuestionsController.swift */ = {isa = PBXFileReference; lastKnownFileType = sourcecode.swift; path = SecretQuestionsController.swift; sourceTree = "<group>"; };
		0480418E255E19520025357E /* ObjectTokenAplication.swift */ = {isa = PBXFileReference; lastKnownFileType = sourcecode.swift; path = ObjectTokenAplication.swift; sourceTree = "<group>"; };
		04804193255E19FC0025357E /* ObjectErrorTokenAplication.swift */ = {isa = PBXFileReference; lastKnownFileType = sourcecode.swift; path = ObjectErrorTokenAplication.swift; sourceTree = "<group>"; };
		04804199255E1AB40025357E /* RecoverController.swift */ = {isa = PBXFileReference; lastKnownFileType = sourcecode.swift; path = RecoverController.swift; sourceTree = "<group>"; };
		048612202549A799008E51CE /* ObjectToken.swift */ = {isa = PBXFileReference; lastKnownFileType = sourcecode.swift; path = ObjectToken.swift; sourceTree = "<group>"; };
		048612252549AA5F008E51CE /* ObjectErrorToken.swift */ = {isa = PBXFileReference; lastKnownFileType = sourcecode.swift; path = ObjectErrorToken.swift; sourceTree = "<group>"; };
		049132E72577065A00698369 /* ValidateAccountController.swift */ = {isa = PBXFileReference; lastKnownFileType = sourcecode.swift; path = ValidateAccountController.swift; sourceTree = "<group>"; };
		049132EC257707FE00698369 /* ObjectValidateAccount.swift */ = {isa = PBXFileReference; lastKnownFileType = sourcecode.swift; path = ObjectValidateAccount.swift; sourceTree = "<group>"; };
		049132F12577081600698369 /* ObjectErrorValidateAccount.swift */ = {isa = PBXFileReference; lastKnownFileType = sourcecode.swift; path = ObjectErrorValidateAccount.swift; sourceTree = "<group>"; };
		0492CD89256F418F009C5CD9 /* ObjectPreguntasSecretasUsuario.swift */ = {isa = PBXFileReference; lastKnownFileType = sourcecode.swift; path = ObjectPreguntasSecretasUsuario.swift; sourceTree = "<group>"; };
		0492CD8E256F41A4009C5CD9 /* ObjectErrorPreguntasSecretasUsuario.swift */ = {isa = PBXFileReference; lastKnownFileType = sourcecode.swift; path = ObjectErrorPreguntasSecretasUsuario.swift; sourceTree = "<group>"; };
		049FC9052582AE7F00133FD7 /* SpinnerBank.swift */ = {isa = PBXFileReference; lastKnownFileType = sourcecode.swift; path = SpinnerBank.swift; sourceTree = "<group>"; };
		049FC90A2582B32C00133FD7 /* SpinnerProduct.swift */ = {isa = PBXFileReference; lastKnownFileType = sourcecode.swift; path = SpinnerProduct.swift; sourceTree = "<group>"; };
		049FC9152582F13A00133FD7 /* ObjectManualWithdrawals.swift */ = {isa = PBXFileReference; lastKnownFileType = sourcecode.swift; path = ObjectManualWithdrawals.swift; sourceTree = "<group>"; };
		049FC91A2582F14800133FD7 /* ObjectErrorManualWithdrawals.swift */ = {isa = PBXFileReference; lastKnownFileType = sourcecode.swift; path = ObjectErrorManualWithdrawals.swift; sourceTree = "<group>"; };
		04B2F4322513A82800DBDA03 /* RechargeView.swift */ = {isa = PBXFileReference; lastKnownFileType = sourcecode.swift; path = RechargeView.swift; sourceTree = "<group>"; };
		04B6828025632D3000834E95 /* ObjectChangePassForgot.swift */ = {isa = PBXFileReference; lastKnownFileType = sourcecode.swift; path = ObjectChangePassForgot.swift; sourceTree = "<group>"; };
		04B6828525632F8D00834E95 /* ObjectErrorPassForgot.swift */ = {isa = PBXFileReference; lastKnownFileType = sourcecode.swift; path = ObjectErrorPassForgot.swift; sourceTree = "<group>"; };
		04BEBC3025157E0700960B9F /* ProductTopUpView.swift */ = {isa = PBXFileReference; lastKnownFileType = sourcecode.swift; path = ProductTopUpView.swift; sourceTree = "<group>"; };
		04BEBC322515829600960B9F /* SuccessTopUpView.swift */ = {isa = PBXFileReference; lastKnownFileType = sourcecode.swift; path = SuccessTopUpView.swift; sourceTree = "<group>"; };
		04CD77202628A55800453557 /* ObjectParameterOptional.swift */ = {isa = PBXFileReference; fileEncoding = 4; lastKnownFileType = sourcecode.swift; path = ObjectParameterOptional.swift; sourceTree = "<group>"; };
		04CF66942579A75F006688BA /* WithdrawalControler.swift */ = {isa = PBXFileReference; lastKnownFileType = sourcecode.swift; path = WithdrawalControler.swift; sourceTree = "<group>"; };
		04CF66992579B27D006688BA /* ObjectBankByCountry.swift */ = {isa = PBXFileReference; lastKnownFileType = sourcecode.swift; path = ObjectBankByCountry.swift; sourceTree = "<group>"; };
		04CF669E2579B2A3006688BA /* ObjectErrorBankByCountry.swift */ = {isa = PBXFileReference; lastKnownFileType = sourcecode.swift; path = ObjectErrorBankByCountry.swift; sourceTree = "<group>"; };
		04D322C42518E54C00F3F38C /* ConfirmationTopUpView.swift */ = {isa = PBXFileReference; lastKnownFileType = sourcecode.swift; path = ConfirmationTopUpView.swift; sourceTree = "<group>"; };
		04D322D42518EA4E00F3F38C /* OperationKeyTopUpView.swift */ = {isa = PBXFileReference; lastKnownFileType = sourcecode.swift; path = OperationKeyTopUpView.swift; sourceTree = "<group>"; };
		04D6DA40251913210053125C /* ConvertView.swift */ = {isa = PBXFileReference; lastKnownFileType = sourcecode.swift; path = ConvertView.swift; sourceTree = "<group>"; tabWidth = 2; };
		04D6DA48251946650053125C /* CommissionView.swift */ = {isa = PBXFileReference; lastKnownFileType = sourcecode.swift; path = CommissionView.swift; sourceTree = "<group>"; usesTabs = 0; };
		04D6DA50251953B00053125C /* OperationKeyConvertView.swift */ = {isa = PBXFileReference; lastKnownFileType = sourcecode.swift; path = OperationKeyConvertView.swift; sourceTree = "<group>"; };
		04D6DA552519551E0053125C /* ConfirmationConvertView.swift */ = {isa = PBXFileReference; lastKnownFileType = sourcecode.swift; path = ConfirmationConvertView.swift; sourceTree = "<group>"; };
		04D6DA61251A4A9B0053125C /* ValidateAccountView.swift */ = {isa = PBXFileReference; lastKnownFileType = sourcecode.swift; path = ValidateAccountView.swift; sourceTree = "<group>"; tabWidth = 4; };
		04D6DA6C251A5C3F0053125C /* AccountExpiredView.swift */ = {isa = PBXFileReference; lastKnownFileType = sourcecode.swift; path = AccountExpiredView.swift; sourceTree = "<group>"; };
		04D6DA76251A968D0053125C /* ValidateAccountFirstView.swift */ = {isa = PBXFileReference; lastKnownFileType = sourcecode.swift; path = ValidateAccountFirstView.swift; sourceTree = "<group>"; };
		04D6DA7E251A98630053125C /* TakePhotoView.swift */ = {isa = PBXFileReference; lastKnownFileType = sourcecode.swift; path = TakePhotoView.swift; sourceTree = "<group>"; };
		04D6DA83251AA2C70053125C /* PhotoView.swift */ = {isa = PBXFileReference; lastKnownFileType = sourcecode.swift; path = PhotoView.swift; sourceTree = "<group>"; };
		04D6DA88251AA5690053125C /* StepTwoView.swift */ = {isa = PBXFileReference; lastKnownFileType = sourcecode.swift; path = StepTwoView.swift; sourceTree = "<group>"; };
		04D6DA8D251AABC10053125C /* PhotoViewStepTwoView.swift */ = {isa = PBXFileReference; lastKnownFileType = sourcecode.swift; path = PhotoViewStepTwoView.swift; sourceTree = "<group>"; };
		04D6DA92251AAC880053125C /* ValidateAdressView.swift */ = {isa = PBXFileReference; lastKnownFileType = sourcecode.swift; path = ValidateAdressView.swift; sourceTree = "<group>"; };
		04E3D09D251AB9D700DA1B31 /* SuccesfullValidateView.swift */ = {isa = PBXFileReference; lastKnownFileType = sourcecode.swift; path = SuccesfullValidateView.swift; sourceTree = "<group>"; };
		04ECA1202537CC7600A77BA1 /* RegisterController.swift */ = {isa = PBXFileReference; lastKnownFileType = sourcecode.swift; path = RegisterController.swift; sourceTree = "<group>"; };
		04ECA1282537D6A900A77BA1 /* ObjetCountry.swift */ = {isa = PBXFileReference; lastKnownFileType = sourcecode.swift; path = ObjetCountry.swift; sourceTree = "<group>"; };
		04ECA12D2537DEA500A77BA1 /* ObjetErrorCountry.swift */ = {isa = PBXFileReference; lastKnownFileType = sourcecode.swift; path = ObjetErrorCountry.swift; sourceTree = "<group>"; };
		04F85F83257B065400A35C83 /* ObjectProductsByBank.swift */ = {isa = PBXFileReference; lastKnownFileType = sourcecode.swift; path = ObjectProductsByBank.swift; sourceTree = "<group>"; };
		04F85F88257B068100A35C83 /* ObjectErrorProductsByBank.swift */ = {isa = PBXFileReference; lastKnownFileType = sourcecode.swift; path = ObjectErrorProductsByBank.swift; sourceTree = "<group>"; };
		467C04B924D857F30021F472 /* AppDelegate.swift */ = {isa = PBXFileReference; lastKnownFileType = sourcecode.swift; path = AppDelegate.swift; sourceTree = "<group>"; };
		467C04BB24D857F30021F472 /* SceneDelegate.swift */ = {isa = PBXFileReference; lastKnownFileType = sourcecode.swift; path = SceneDelegate.swift; sourceTree = "<group>"; };
		467C04BF24D857F40021F472 /* Assets.xcassets */ = {isa = PBXFileReference; lastKnownFileType = folder.assetcatalog; path = Assets.xcassets; sourceTree = "<group>"; };
		467C04C224D857F40021F472 /* Preview Assets.xcassets */ = {isa = PBXFileReference; lastKnownFileType = folder.assetcatalog; path = "Preview Assets.xcassets"; sourceTree = "<group>"; };
		467C04C524D857F40021F472 /* Base */ = {isa = PBXFileReference; lastKnownFileType = file.storyboard; name = Base; path = Base.lproj/LaunchScreen.storyboard; sourceTree = "<group>"; };
		467C04C724D857F40021F472 /* Info.plist */ = {isa = PBXFileReference; lastKnownFileType = text.plist.xml; path = Info.plist; sourceTree = "<group>"; };
		467C04D024D857F40021F472 /* AlodigaWalletAppTests.swift */ = {isa = PBXFileReference; lastKnownFileType = sourcecode.swift; path = AlodigaWalletAppTests.swift; sourceTree = "<group>"; };
		467C04D224D857F40021F472 /* Info.plist */ = {isa = PBXFileReference; lastKnownFileType = text.plist.xml; path = Info.plist; sourceTree = "<group>"; };
		467C04DB24D857F40021F472 /* AlodigaWalletAppUITests.swift */ = {isa = PBXFileReference; lastKnownFileType = sourcecode.swift; path = AlodigaWalletAppUITests.swift; sourceTree = "<group>"; };
		467C04DD24D857F40021F472 /* Info.plist */ = {isa = PBXFileReference; lastKnownFileType = text.plist.xml; path = Info.plist; sourceTree = "<group>"; };
		46838CC6250BB2AF00D9A97A /* AlodigaWalletApp.app */ = {isa = PBXFileReference; explicitFileType = wrapper.application; includeInIndex = 0; path = AlodigaWalletApp.app; sourceTree = BUILT_PRODUCTS_DIR; };
		46838CC7250BB2AF00D9A97A /* IOSAlodigaWalletAppTests.xctest */ = {isa = PBXFileReference; explicitFileType = wrapper.cfbundle; includeInIndex = 0; path = IOSAlodigaWalletAppTests.xctest; sourceTree = BUILT_PRODUCTS_DIR; };
		46838CC8250BB2AF00D9A97A /* IOSAlodigaWalletAppUITests.xctest */ = {isa = PBXFileReference; explicitFileType = wrapper.cfbundle; includeInIndex = 0; path = IOSAlodigaWalletAppUITests.xctest; sourceTree = BUILT_PRODUCTS_DIR; };
		46870D5624FD96A600984049 /* TransferenceView.swift */ = {isa = PBXFileReference; lastKnownFileType = sourcecode.swift; path = TransferenceView.swift; sourceTree = "<group>"; };
		46870D5824FD9B4700984049 /* fr */ = {isa = PBXFileReference; lastKnownFileType = text.plist.strings; name = fr; path = fr.lproj/LaunchScreen.strings; sourceTree = "<group>"; };
		46870D5924FD9B4700984049 /* fr */ = {isa = PBXFileReference; lastKnownFileType = text.plist.strings; name = fr; path = fr.lproj/Localizable.strings; sourceTree = "<group>"; };
		46870D61250281AF00984049 /* Constans.swift */ = {isa = PBXFileReference; lastKnownFileType = sourcecode.swift; path = Constans.swift; sourceTree = "<group>"; };
		46870D632502825400984049 /* ExtensionColor.swift */ = {isa = PBXFileReference; lastKnownFileType = sourcecode.swift; path = ExtensionColor.swift; sourceTree = "<group>"; };
		46B2714024DDABEE005DB0C1 /* main.storyboard */ = {isa = PBXFileReference; lastKnownFileType = file.storyboard; path = main.storyboard; sourceTree = "<group>"; };
		46B271BB24E463D5005DB0C1 /* UIDevice.swift */ = {isa = PBXFileReference; lastKnownFileType = sourcecode.swift; path = UIDevice.swift; sourceTree = "<group>"; };
		46B271BD24EAE225005DB0C1 /* Color.xcassets */ = {isa = PBXFileReference; lastKnownFileType = folder.assetcatalog; path = Color.xcassets; sourceTree = "<group>"; };
		46B271F524FA7903005DB0C1 /* MenuView.swift */ = {isa = PBXFileReference; lastKnownFileType = sourcecode.swift; path = MenuView.swift; sourceTree = "<group>"; };
		46B271F724FD2830005DB0C1 /* LoginView.swift */ = {isa = PBXFileReference; lastKnownFileType = sourcecode.swift; path = LoginView.swift; sourceTree = "<group>"; };
		46B271F924FD626B005DB0C1 /* MainViewLogged.swift */ = {isa = PBXFileReference; lastKnownFileType = sourcecode.swift; path = MainViewLogged.swift; sourceTree = "<group>"; };
		46B2720C24FD820A005DB0C1 /* en */ = {isa = PBXFileReference; lastKnownFileType = text.plist.strings; name = en; path = en.lproj/Localizable.strings; sourceTree = "<group>"; };
		46B2721324FD83C5005DB0C1 /* es-419 */ = {isa = PBXFileReference; lastKnownFileType = text.plist.strings; name = "es-419"; path = "es-419.lproj/LaunchScreen.strings"; sourceTree = "<group>"; };
		46B2721424FD83C5005DB0C1 /* es-419 */ = {isa = PBXFileReference; lastKnownFileType = text.plist.strings; name = "es-419"; path = "es-419.lproj/Localizable.strings"; sourceTree = "<group>"; };
		46DBC46A250BC236008D42B3 /* RecoverPasswordByTokenView.swift */ = {isa = PBXFileReference; lastKnownFileType = sourcecode.swift; path = RecoverPasswordByTokenView.swift; sourceTree = "<group>"; };
		46DBC471251284B9008D42B3 /* ConfirmationQRView.swift */ = {isa = PBXFileReference; lastKnownFileType = sourcecode.swift; path = ConfirmationQRView.swift; sourceTree = "<group>"; };
		46DBC4732512851E008D42B3 /* OperationsKeyQRView.swift */ = {isa = PBXFileReference; lastKnownFileType = sourcecode.swift; path = OperationsKeyQRView.swift; sourceTree = "<group>"; };
		46DBC4752512852E008D42B3 /* PaymentBusinessesQRView.swift */ = {isa = PBXFileReference; lastKnownFileType = sourcecode.swift; path = PaymentBusinessesQRView.swift; sourceTree = "<group>"; };
		46DBC47725128546008D42B3 /* SuccesfulPaymentQRView.swift */ = {isa = PBXFileReference; lastKnownFileType = sourcecode.swift; path = SuccesfulPaymentQRView.swift; sourceTree = "<group>"; };
		46DBC4792512855A008D42B3 /* TargetCustomerQRView.swift */ = {isa = PBXFileReference; lastKnownFileType = sourcecode.swift; path = TargetCustomerQRView.swift; sourceTree = "<group>"; };
		46DBC47B2512866C008D42B3 /* ConfirmationView.swift */ = {isa = PBXFileReference; lastKnownFileType = sourcecode.swift; path = ConfirmationView.swift; sourceTree = "<group>"; };
		46DBC47D2512869E008D42B3 /* OperationsKeyView.swift */ = {isa = PBXFileReference; lastKnownFileType = sourcecode.swift; path = OperationsKeyView.swift; sourceTree = "<group>"; };
		46DBC47F251286C4008D42B3 /* SuccesfulTransactionView.swift */ = {isa = PBXFileReference; lastKnownFileType = sourcecode.swift; path = SuccesfulTransactionView.swift; sourceTree = "<group>"; };
		46DBC481251286E6008D42B3 /* TargetCustomerView.swift */ = {isa = PBXFileReference; lastKnownFileType = sourcecode.swift; path = TargetCustomerView.swift; sourceTree = "<group>"; };
		46DBC4852512879B008D42B3 /* FormSignUpView.swift */ = {isa = PBXFileReference; lastKnownFileType = sourcecode.swift; path = FormSignUpView.swift; sourceTree = "<group>"; };
		46DBC487251287C4008D42B3 /* PassByTokenView.swift */ = {isa = PBXFileReference; lastKnownFileType = sourcecode.swift; path = PassByTokenView.swift; sourceTree = "<group>"; };
		46DBC489251287DF008D42B3 /* SignUpView.swift */ = {isa = PBXFileReference; lastKnownFileType = sourcecode.swift; path = SignUpView.swift; sourceTree = "<group>"; };
		46DBC48B25128804008D42B3 /* WelcomeView.swift */ = {isa = PBXFileReference; lastKnownFileType = sourcecode.swift; path = WelcomeView.swift; sourceTree = "<group>"; };
		BA1B8B8225545277002A6892 /* remittancesStep1.swift */ = {isa = PBXFileReference; lastKnownFileType = sourcecode.swift; path = remittancesStep1.swift; sourceTree = "<group>"; };
		BA1B8B94255C11B2002A6892 /* SpinnerOption.swift */ = {isa = PBXFileReference; lastKnownFileType = sourcecode.swift; path = SpinnerOption.swift; sourceTree = "<group>"; };
		BA1B8B9F255C1985002A6892 /* SpinnerCurrencyTransference.swift */ = {isa = PBXFileReference; lastKnownFileType = sourcecode.swift; path = SpinnerCurrencyTransference.swift; sourceTree = "<group>"; };
		BA1B8BA72562DD27002A6892 /* TransferenceController.swift */ = {isa = PBXFileReference; lastKnownFileType = sourcecode.swift; name = TransferenceController.swift; path = Transference/View/TransferenceController.swift; sourceTree = SOURCE_ROOT; };
		BA1B8BB52562F5C5002A6892 /* ObjectGetUsuarioByEmail.swift */ = {isa = PBXFileReference; lastKnownFileType = sourcecode.swift; path = ObjectGetUsuarioByEmail.swift; sourceTree = "<group>"; };
		BA1B8BBD256351C6002A6892 /* ObjectGetUsuarioByMovil.swift */ = {isa = PBXFileReference; lastKnownFileType = sourcecode.swift; path = ObjectGetUsuarioByMovil.swift; sourceTree = "<group>"; };
		BA1B8BC225636672002A6892 /* ObjectGetUsuarioByMovilError.swift */ = {isa = PBXFileReference; lastKnownFileType = sourcecode.swift; path = ObjectGetUsuarioByMovilError.swift; sourceTree = "<group>"; };
		BA1B8BC72563668B002A6892 /* ObjectGetUsuarioByEmailError.swift */ = {isa = PBXFileReference; lastKnownFileType = sourcecode.swift; path = ObjectGetUsuarioByEmailError.swift; sourceTree = "<group>"; };
		BA647E1825406E0200598944 /* ShowAlert.swift */ = {isa = PBXFileReference; lastKnownFileType = sourcecode.swift; path = ShowAlert.swift; sourceTree = "<group>"; };
		BA6AC2E725644DE00072E6C5 /* Utils.swift */ = {isa = PBXFileReference; lastKnownFileType = sourcecode.swift; path = Utils.swift; sourceTree = "<group>"; };
		BA6AC2EC2564AA790072E6C5 /* FailCodeOperation.swift */ = {isa = PBXFileReference; lastKnownFileType = sourcecode.swift; path = FailCodeOperation.swift; sourceTree = "<group>"; };
		BA6AC2FA256752990072E6C5 /* ObjectCodeOprationError.swift */ = {isa = PBXFileReference; lastKnownFileType = sourcecode.swift; path = ObjectCodeOprationError.swift; sourceTree = "<group>"; };
		BA6AC2FF2567FBA20072E6C5 /* ObjectProccesTransferenceError.swift */ = {isa = PBXFileReference; lastKnownFileType = sourcecode.swift; path = ObjectProccesTransferenceError.swift; sourceTree = "<group>"; };
		BA6AC3042567FCD10072E6C5 /* ObjectProcessTransference.swift */ = {isa = PBXFileReference; lastKnownFileType = sourcecode.swift; path = ObjectProcessTransference.swift; sourceTree = "<group>"; };
		BA6AC30F256D5E5B0072E6C5 /* TransferenceQr.swift */ = {isa = PBXFileReference; lastKnownFileType = sourcecode.swift; path = TransferenceQr.swift; sourceTree = "<group>"; };
		BA6AC326257D1C7E0072E6C5 /* ChangePasswordController.swift */ = {isa = PBXFileReference; lastKnownFileType = sourcecode.swift; name = ChangePasswordController.swift; path = Transference/View/ChangePasswordController.swift; sourceTree = SOURCE_ROOT; };
		BA6AC33825813B9D0072E6C5 /* Progress.swift */ = {isa = PBXFileReference; lastKnownFileType = sourcecode.swift; path = Progress.swift; sourceTree = "<group>"; };
		BA6AF4C525BF00D20079125F /* Client-Alodiga.swift */ = {isa = PBXFileReference; fileEncoding = 4; lastKnownFileType = sourcecode.swift; path = "Client-Alodiga.swift"; sourceTree = "<group>"; };
		BA6AF4DF25C246210079125F /* RegistroUnificado-Client.swift */ = {isa = PBXFileReference; fileEncoding = 4; lastKnownFileType = sourcecode.swift; path = "RegistroUnificado-Client.swift"; sourceTree = "<group>"; };
		BA6B7FAB262F8A7A00E4184D /* SpinnerSecretQuestions.swift */ = {isa = PBXFileReference; fileEncoding = 4; lastKnownFileType = sourcecode.swift; path = SpinnerSecretQuestions.swift; sourceTree = "<group>"; };
		BA6B7FB0262F8A8800E4184D /* SpinnerSecundSecretQuestions.swift */ = {isa = PBXFileReference; fileEncoding = 4; lastKnownFileType = sourcecode.swift; path = SpinnerSecundSecretQuestions.swift; sourceTree = "<group>"; };
		BA6B7FB5262F8A9000E4184D /* SpinnerUltSecretQuestion.swift */ = {isa = PBXFileReference; fileEncoding = 4; lastKnownFileType = sourcecode.swift; path = SpinnerUltSecretQuestion.swift; sourceTree = "<group>"; };
		BA6B7FBD2630ACB700E4184D /* ObjectKeyEncript.swift */ = {isa = PBXFileReference; lastKnownFileType = sourcecode.swift; path = ObjectKeyEncript.swift; sourceTree = "<group>"; };
		BAC617192583EB490057CBC4 /* Loading.swift */ = {isa = PBXFileReference; lastKnownFileType = sourcecode.swift; path = Loading.swift; sourceTree = "<group>"; };
		BAC6171E2583F1F00057CBC4 /* Loadinv2.swift */ = {isa = PBXFileReference; lastKnownFileType = sourcecode.swift; path = Loadinv2.swift; sourceTree = "<group>"; };
		BAC617232583F4CA0057CBC4 /* LoadingV3.swift */ = {isa = PBXFileReference; lastKnownFileType = sourcecode.swift; path = LoadingV3.swift; sourceTree = "<group>"; };
		BAE1E9B5252BA9D5007F9CD6 /* ObjetError.swift */ = {isa = PBXFileReference; fileEncoding = 4; lastKnownFileType = sourcecode.swift; path = ObjetError.swift; sourceTree = "<group>"; };
		BAE1E9BA252BA9EB007F9CD6 /* WebServicesCall.swift */ = {isa = PBXFileReference; fileEncoding = 4; lastKnownFileType = sourcecode.swift; path = WebServicesCall.swift; sourceTree = "<group>"; };
		BAE1E9E5252BC13E007F9CD6 /* ResponseController.swift */ = {isa = PBXFileReference; fileEncoding = 4; lastKnownFileType = sourcecode.swift; path = ResponseController.swift; sourceTree = "<group>"; };
		BAE1E9F0252BC687007F9CD6 /* ParseXMLData.swift */ = {isa = PBXFileReference; fileEncoding = 4; lastKnownFileType = sourcecode.swift; path = ParseXMLData.swift; sourceTree = "<group>"; };
		BAE1E9F5252BE894007F9CD6 /* ObjectRegistroUnificado.swift */ = {isa = PBXFileReference; lastKnownFileType = sourcecode.swift; path = ObjectRegistroUnificado.swift; sourceTree = "<group>"; };
		BAE1EA4F252E04B2007F9CD6 /* ObjectAlodiga.swift */ = {isa = PBXFileReference; fileEncoding = 4; lastKnownFileType = sourcecode.swift; path = ObjectAlodiga.swift; sourceTree = "<group>"; };
		BAE1EA54252E04EF007F9CD6 /* ObjectBase.swift */ = {isa = PBXFileReference; lastKnownFileType = sourcecode.swift; path = ObjectBase.swift; sourceTree = "<group>"; };
		BAE1EA64252E8DCB007F9CD6 /* LoginController.swift */ = {isa = PBXFileReference; lastKnownFileType = sourcecode.swift; name = LoginController.swift; path = Login/Controller/LoginController.swift; sourceTree = SOURCE_ROOT; };
		BAE1EA69252EAEB4007F9CD6 /* ObjectLogin.swift */ = {isa = PBXFileReference; lastKnownFileType = sourcecode.swift; path = ObjectLogin.swift; sourceTree = "<group>"; };
		BAE1EA6E252EC9EA007F9CD6 /* ObjectErrorLogin.swift */ = {isa = PBXFileReference; lastKnownFileType = sourcecode.swift; path = ObjectErrorLogin.swift; sourceTree = "<group>"; };
/* End PBXFileReference section */

/* Begin PBXFrameworksBuildPhase section */
		467C04B324D857F20021F472 /* Frameworks */ = {
			isa = PBXFrameworksBuildPhase;
			buildActionMask = 2147483647;
			files = (
				46B2713D24DB22B4005DB0C1 /* FloatingLabelTextFieldSwiftUI in Frameworks */,
			);
			runOnlyForDeploymentPostprocessing = 0;
		};
		467C04C924D857F40021F472 /* Frameworks */ = {
			isa = PBXFrameworksBuildPhase;
			buildActionMask = 2147483647;
			files = (
			);
			runOnlyForDeploymentPostprocessing = 0;
		};
		467C04D424D857F40021F472 /* Frameworks */ = {
			isa = PBXFrameworksBuildPhase;
			buildActionMask = 2147483647;
			files = (
			);
			runOnlyForDeploymentPostprocessing = 0;
		};
/* End PBXFrameworksBuildPhase section */

/* Begin PBXGroup section */
		040E43DD252D1E150014FAE4 /* Controller */ = {
			isa = PBXGroup;
			children = (
				04ECA1202537CC7600A77BA1 /* RegisterController.swift */,
			);
			path = Controller;
			sourceTree = "<group>";
		};
		0422337E25140DBE00AEB65F /* Withdrawal */ = {
			isa = PBXGroup;
			children = (
				0422338025140EA300AEB65F /* Controller */,
				0422337F25140E8B00AEB65F /* View */,
			);
			path = Withdrawal;
			sourceTree = "<group>";
		};
		0422337F25140E8B00AEB65F /* View */ = {
			isa = PBXGroup;
			children = (
				0422338125140EC300AEB65F /* WithdrawalView.swift */,
				042233832514121C00AEB65F /* WithdrawalConfirmationView.swift */,
				042233852514134B00AEB65F /* SucesfullWithdrawalView.swift */,
				0406178E2581822E0028860D /* SpinnerCountry.swift */,
				049FC9052582AE7F00133FD7 /* SpinnerBank.swift */,
				049FC90A2582B32C00133FD7 /* SpinnerProduct.swift */,
			);
			path = View;
			sourceTree = "<group>";
		};
		0422338025140EA300AEB65F /* Controller */ = {
			isa = PBXGroup;
			children = (
				04CF66942579A75F006688BA /* WithdrawalControler.swift */,
			);
			path = Controller;
			sourceTree = "<group>";
		};
		042233872515519B00AEB65F /* TopUp */ = {
			isa = PBXGroup;
			children = (
				04223389251551D700AEB65F /* Controller */,
				04223388251551D000AEB65F /* View */,
			);
			path = TopUp;
			sourceTree = "<group>";
		};
		04223388251551D000AEB65F /* View */ = {
			isa = PBXGroup;
			children = (
				0422338A251551F600AEB65F /* TopUpView.swift */,
				04BEBC3025157E0700960B9F /* ProductTopUpView.swift */,
				04D322D42518EA4E00F3F38C /* OperationKeyTopUpView.swift */,
				04D322C42518E54C00F3F38C /* ConfirmationTopUpView.swift */,
				04BEBC322515829600960B9F /* SuccessTopUpView.swift */,
			);
			path = View;
			sourceTree = "<group>";
		};
		04223389251551D700AEB65F /* Controller */ = {
			isa = PBXGroup;
			children = (
			);
			path = Controller;
			sourceTree = "<group>";
		};
		044BD0AD2548AE1E005A6754 /* SecurityQuestions */ = {
			isa = PBXGroup;
			children = (
				044BD0AE2548AEA0005A6754 /* Controller */,
				044BD0AF2548AEAF005A6754 /* View */,
			);
			path = SecurityQuestions;
			sourceTree = "<group>";
		};
		044BD0AE2548AEA0005A6754 /* Controller */ = {
			isa = PBXGroup;
			children = (
				0471AA02256755BD00498491 /* SecretQuestionsController.swift */,
			);
			path = Controller;
			sourceTree = "<group>";
		};
		044BD0AF2548AEAF005A6754 /* View */ = {
			isa = PBXGroup;
			children = (
				044BD0B02548AEF5005A6754 /* SecurityQuestionsView.swift */,
				BA6B7FAB262F8A7A00E4184D /* SpinnerSecretQuestions.swift */,
				BA6B7FB5262F8A9000E4184D /* SpinnerUltSecretQuestion.swift */,
				BA6B7FB0262F8A8800E4184D /* SpinnerSecundSecretQuestions.swift */,
				044BD0BA2548CEBE005A6754 /* SuccessfulQuestionsView.swift */,
			);
			path = View;
			sourceTree = "<group>";
		};
		045D398925718DCD00A98BCA /* ChangePassword */ = {
			isa = PBXGroup;
			children = (
				045D398A25718E7000A98BCA /* Controller */,
				045D398B25718E7C00A98BCA /* View */,
			);
			path = ChangePassword;
			sourceTree = "<group>";
		};
		045D398A25718E7000A98BCA /* Controller */ = {
			isa = PBXGroup;
			children = (
				BA6AC326257D1C7E0072E6C5 /* ChangePasswordController.swift */,
			);
			path = Controller;
			sourceTree = "<group>";
		};
		045D398B25718E7C00A98BCA /* View */ = {
			isa = PBXGroup;
			children = (
				045D398C25718EBC00A98BCA /* ChangePasswordView.swift */,
				045D399425719B2900A98BCA /* SuccessfulChangeView.swift */,
			);
			path = View;
			sourceTree = "<group>";
		};
		04804198255E1A840025357E /* Controller */ = {
			isa = PBXGroup;
			children = (
				04804199255E1AB40025357E /* RecoverController.swift */,
			);
			path = Controller;
			sourceTree = "<group>";
		};
		049132E62577062500698369 /* Controller */ = {
			isa = PBXGroup;
			children = (
				049132E72577065A00698369 /* ValidateAccountController.swift */,
			);
			path = Controller;
			sourceTree = "<group>";
		};
		04B2F42F2513A7E700DBDA03 /* Recharge */ = {
			isa = PBXGroup;
			children = (
				04B2F4312513A80500DBDA03 /* Controller */,
				04B2F4302513A7F900DBDA03 /* View */,
			);
			path = Recharge;
			sourceTree = "<group>";
		};
		04B2F4302513A7F900DBDA03 /* View */ = {
			isa = PBXGroup;
			children = (
				04B2F4322513A82800DBDA03 /* RechargeView.swift */,
				0422337A2513B84C00AEB65F /* RechargeConfirmationView.swift */,
				0422337C2513EA8D00AEB65F /* SucesfullRechargeView.swift */,
				045951BE262E4D5B00DC25F0 /* SpinnerCountryR.swift */,
				045951C6262E4D7700DC25F0 /* SpinnerBankR.swift */,
				045951CE262E4D8C00DC25F0 /* SpinnerProductR.swift */,
			);
			path = View;
			sourceTree = "<group>";
		};
		04B2F4312513A80500DBDA03 /* Controller */ = {
			isa = PBXGroup;
			children = (
				BAE1E9E5252BC13E007F9CD6 /* ResponseController.swift */,
			);
			path = Controller;
			sourceTree = "<group>";
		};
		04BB53E32516F7810036F94F /* Controller */ = {
			isa = PBXGroup;
			children = (
				BA1B8BA72562DD27002A6892 /* TransferenceController.swift */,
			);
			path = Controller;
			sourceTree = "<group>";
		};
		04D322DF2518F78300F3F38C /* Convert */ = {
			isa = PBXGroup;
			children = (
				04D322E42518FC4500F3F38C /* Controller */,
				04D322E32518FC3600F3F38C /* View */,
			);
			path = Convert;
			sourceTree = "<group>";
		};
		04D322E32518FC3600F3F38C /* View */ = {
			isa = PBXGroup;
			children = (
				04D6DA40251913210053125C /* ConvertView.swift */,
				04D6DA48251946650053125C /* CommissionView.swift */,
				04D6DA50251953B00053125C /* OperationKeyConvertView.swift */,
				04D6DA552519551E0053125C /* ConfirmationConvertView.swift */,
			);
			path = View;
			sourceTree = "<group>";
		};
		04D322E42518FC4500F3F38C /* Controller */ = {
			isa = PBXGroup;
			children = (
			);
			name = Controller;
			path = "New Group1";
			sourceTree = "<group>";
		};
		04D6DA5E251A4A480053125C /* ValidateAccount */ = {
			isa = PBXGroup;
			children = (
				049132E62577062500698369 /* Controller */,
				04D6DA5F251A4A6F0053125C /* View */,
			);
			path = ValidateAccount;
			sourceTree = "<group>";
		};
		04D6DA5F251A4A6F0053125C /* View */ = {
			isa = PBXGroup;
			children = (
				04D6DA61251A4A9B0053125C /* ValidateAccountView.swift */,
				04D6DA6C251A5C3F0053125C /* AccountExpiredView.swift */,
				04D6DA76251A968D0053125C /* ValidateAccountFirstView.swift */,
				04D6DA7E251A98630053125C /* TakePhotoView.swift */,
				04D6DA83251AA2C70053125C /* PhotoView.swift */,
				04D6DA88251AA5690053125C /* StepTwoView.swift */,
				04D6DA8D251AABC10053125C /* PhotoViewStepTwoView.swift */,
				04D6DA92251AAC880053125C /* ValidateAdressView.swift */,
				04E3D09D251AB9D700DA1B31 /* SuccesfullValidateView.swift */,
			);
			path = View;
			sourceTree = "<group>";
		};
		467C04AD24D857F20021F472 = {
			isa = PBXGroup;
			children = (
				BAE1E9B4252BA993007F9CD6 /* Model */,
				BAE1E9AE252BA83D007F9CD6 /* WebServices */,
				045D398925718DCD00A98BCA /* ChangePassword */,
				BA1B8B7F2554524B002A6892 /* remittances */,
				044BD0AD2548AE1E005A6754 /* SecurityQuestions */,
				04D6DA5E251A4A480053125C /* ValidateAccount */,
				04D322DF2518F78300F3F38C /* Convert */,
				042233872515519B00AEB65F /* TopUp */,
				0422337E25140DBE00AEB65F /* Withdrawal */,
				04B2F42F2513A7E700DBDA03 /* Recharge */,
				46DBC48325128773008D42B3 /* Register */,
				46DBC46F25128425008D42B3 /* PaymentQR */,
				46838CC9250BB2D300D9A97A /* RecoverPassword */,
				46870D602502818B00984049 /* Util */,
				46B2720624FD7AD4005DB0C1 /* Transference */,
				46B2720124FD733B005DB0C1 /* Main */,
				46B271FE24FD7098005DB0C1 /* Menu */,
				46B271FB24FD6FE5005DB0C1 /* Login */,
				467C04B824D857F30021F472 /* AlodigaWalletApp */,
				467C04CF24D857F40021F472 /* AlodigaWalletAppTests */,
				467C04DA24D857F40021F472 /* AlodigaWalletAppUITests */,
				46838CC6250BB2AF00D9A97A /* AlodigaWalletApp.app */,
				46838CC7250BB2AF00D9A97A /* IOSAlodigaWalletAppTests.xctest */,
				46838CC8250BB2AF00D9A97A /* IOSAlodigaWalletAppUITests.xctest */,
			);
			sourceTree = "<group>";
		};
		467C04B824D857F30021F472 /* AlodigaWalletApp */ = {
			isa = PBXGroup;
			children = (
				46B2714024DDABEE005DB0C1 /* main.storyboard */,
				467C04B924D857F30021F472 /* AppDelegate.swift */,
				467C04BB24D857F30021F472 /* SceneDelegate.swift */,
				467C04C424D857F40021F472 /* LaunchScreen.storyboard */,
				46B271BD24EAE225005DB0C1 /* Color.xcassets */,
				467C04BF24D857F40021F472 /* Assets.xcassets */,
				467C04C724D857F40021F472 /* Info.plist */,
				467C04C124D857F40021F472 /* Preview Content */,
			);
			path = AlodigaWalletApp;
			sourceTree = "<group>";
		};
		467C04C124D857F40021F472 /* Preview Content */ = {
			isa = PBXGroup;
			children = (
				467C04C224D857F40021F472 /* Preview Assets.xcassets */,
				46B2720D24FD820A005DB0C1 /* Localizable.strings */,
			);
			path = "Preview Content";
			sourceTree = "<group>";
		};
		467C04CF24D857F40021F472 /* AlodigaWalletAppTests */ = {
			isa = PBXGroup;
			children = (
				467C04D024D857F40021F472 /* AlodigaWalletAppTests.swift */,
				467C04D224D857F40021F472 /* Info.plist */,
			);
			path = AlodigaWalletAppTests;
			sourceTree = "<group>";
		};
		467C04DA24D857F40021F472 /* AlodigaWalletAppUITests */ = {
			isa = PBXGroup;
			children = (
				467C04DB24D857F40021F472 /* AlodigaWalletAppUITests.swift */,
				467C04DD24D857F40021F472 /* Info.plist */,
			);
			path = AlodigaWalletAppUITests;
			sourceTree = "<group>";
		};
		46838CC9250BB2D300D9A97A /* RecoverPassword */ = {
			isa = PBXGroup;
			children = (
				04804198255E1A840025357E /* Controller */,
				46838CCA250BB2F700D9A97A /* View */,
			);
			path = RecoverPassword;
			sourceTree = "<group>";
		};
		46838CCA250BB2F700D9A97A /* View */ = {
			isa = PBXGroup;
			children = (
				043FEC85251BE2EE005C518B /* RecoverPasswordView.swift */,
				46DBC46A250BC236008D42B3 /* RecoverPasswordByTokenView.swift */,
				043FEC8D251BF601005C518B /* SecurityLevelView.swift */,
				043FEC92251BFD5B005C518B /* SuccesfulRecoverView.swift */,
			);
			path = View;
			sourceTree = "<group>";
		};
		46870D602502818B00984049 /* Util */ = {
			isa = PBXGroup;
			children = (
				BA647E1825406E0200598944 /* ShowAlert.swift */,
				46870D632502825400984049 /* ExtensionColor.swift */,
				46B271BB24E463D5005DB0C1 /* UIDevice.swift */,
				46870D61250281AF00984049 /* Constans.swift */,
				BA6AC2E725644DE00072E6C5 /* Utils.swift */,
				BA6AC2EC2564AA790072E6C5 /* FailCodeOperation.swift */,
				BA6AC33825813B9D0072E6C5 /* Progress.swift */,
				BAC617192583EB490057CBC4 /* Loading.swift */,
				BAC6171E2583F1F00057CBC4 /* Loadinv2.swift */,
				BAC617232583F4CA0057CBC4 /* LoadingV3.swift */,
			);
			path = Util;
			sourceTree = "<group>";
		};
		46B271FB24FD6FE5005DB0C1 /* Login */ = {
			isa = PBXGroup;
			children = (
				BA6B1A792540C58900928FC8 /* Controller */,
				46B271FC24FD702A005DB0C1 /* View */,
			);
			path = Login;
			sourceTree = "<group>";
		};
		46B271FC24FD702A005DB0C1 /* View */ = {
			isa = PBXGroup;
			children = (
				46B271F724FD2830005DB0C1 /* LoginView.swift */,
			);
			path = View;
			sourceTree = "<group>";
		};
		46B271FE24FD7098005DB0C1 /* Menu */ = {
			isa = PBXGroup;
			children = (
				46B2720524FD7AA7005DB0C1 /* Controller */,
				46B2720424FD7A99005DB0C1 /* View */,
			);
			path = Menu;
			sourceTree = "<group>";
		};
		46B2720124FD733B005DB0C1 /* Main */ = {
			isa = PBXGroup;
			children = (
				46B2720324FD737B005DB0C1 /* Controller */,
				46B2720224FD7372005DB0C1 /* View */,
			);
			path = Main;
			sourceTree = "<group>";
		};
		46B2720224FD7372005DB0C1 /* View */ = {
			isa = PBXGroup;
			children = (
				46B271F924FD626B005DB0C1 /* MainViewLogged.swift */,
			);
			path = View;
			sourceTree = "<group>";
		};
		46B2720324FD737B005DB0C1 /* Controller */ = {
			isa = PBXGroup;
			children = (
			);
			path = Controller;
			sourceTree = "<group>";
		};
		46B2720424FD7A99005DB0C1 /* View */ = {
			isa = PBXGroup;
			children = (
				46B271F524FA7903005DB0C1 /* MenuView.swift */,
			);
			path = View;
			sourceTree = "<group>";
		};
		46B2720524FD7AA7005DB0C1 /* Controller */ = {
			isa = PBXGroup;
			children = (
			);
			path = Controller;
			sourceTree = "<group>";
		};
		46B2720624FD7AD4005DB0C1 /* Transference */ = {
			isa = PBXGroup;
			children = (
				04BB53E32516F7810036F94F /* Controller */,
				46B2720724FD7AE5005DB0C1 /* View */,
			);
			path = Transference;
			sourceTree = "<group>";
		};
		46B2720724FD7AE5005DB0C1 /* View */ = {
			isa = PBXGroup;
			children = (
				46870D5624FD96A600984049 /* TransferenceView.swift */,
				46DBC481251286E6008D42B3 /* TargetCustomerView.swift */,
				46DBC47D2512869E008D42B3 /* OperationsKeyView.swift */,
				46DBC47B2512866C008D42B3 /* ConfirmationView.swift */,
				46DBC47F251286C4008D42B3 /* SuccesfulTransactionView.swift */,
				BA1B8B94255C11B2002A6892 /* SpinnerOption.swift */,
				BA1B8B9F255C1985002A6892 /* SpinnerCurrencyTransference.swift */,
				BA6AC30F256D5E5B0072E6C5 /* TransferenceQr.swift */,
			);
			path = View;
			sourceTree = "<group>";
		};
		46DBC46F25128425008D42B3 /* PaymentQR */ = {
			isa = PBXGroup;
			children = (
				46DBC47025128442008D42B3 /* View */,
			);
			path = PaymentQR;
			sourceTree = "<group>";
		};
		46DBC47025128442008D42B3 /* View */ = {
			isa = PBXGroup;
			children = (
				46DBC4752512852E008D42B3 /* PaymentBusinessesQRView.swift */,
				46DBC4792512855A008D42B3 /* TargetCustomerQRView.swift */,
				46DBC4732512851E008D42B3 /* OperationsKeyQRView.swift */,
				46DBC471251284B9008D42B3 /* ConfirmationQRView.swift */,
				46DBC47725128546008D42B3 /* SuccesfulPaymentQRView.swift */,
			);
			path = View;
			sourceTree = "<group>";
		};
		46DBC48325128773008D42B3 /* Register */ = {
			isa = PBXGroup;
			children = (
				040E43DD252D1E150014FAE4 /* Controller */,
				46DBC4842512877D008D42B3 /* View */,
			);
			path = Register;
			sourceTree = "<group>";
		};
		46DBC4842512877D008D42B3 /* View */ = {
			isa = PBXGroup;
			children = (
				46DBC489251287DF008D42B3 /* SignUpView.swift */,
				46DBC487251287C4008D42B3 /* PassByTokenView.swift */,
				46DBC4852512879B008D42B3 /* FormSignUpView.swift */,
				0400440F2626542F007C4DEF /* FormSignUpView2.swift */,
				46DBC48B25128804008D42B3 /* WelcomeView.swift */,
				0400442126267404007C4DEF /* SpinnerDocumentPersonByCountry.swift */,
			);
			path = View;
			sourceTree = "<group>";
		};
		BA1B8B7F2554524B002A6892 /* remittances */ = {
			isa = PBXGroup;
			children = (
				BA1B8B8125545262002A6892 /* View */,
				BA1B8B8025545254002A6892 /* Controller */,
			);
			path = remittances;
			sourceTree = "<group>";
		};
		BA1B8B8025545254002A6892 /* Controller */ = {
			isa = PBXGroup;
			children = (
			);
			path = Controller;
			sourceTree = "<group>";
		};
		BA1B8B8125545262002A6892 /* View */ = {
			isa = PBXGroup;
			children = (
				BA1B8B8225545277002A6892 /* remittancesStep1.swift */,
			);
			path = View;
			sourceTree = "<group>";
		};
		BA6B1A792540C58900928FC8 /* Controller */ = {
			isa = PBXGroup;
			children = (
				BAE1EA64252E8DCB007F9CD6 /* LoginController.swift */,
			);
			path = Controller;
			sourceTree = "<group>";
		};
		BAE1E9AE252BA83D007F9CD6 /* WebServices */ = {
			isa = PBXGroup;
			children = (
				BAE1E9F0252BC687007F9CD6 /* ParseXMLData.swift */,
				BAE1E9BA252BA9EB007F9CD6 /* WebServicesCall.swift */,
				BA6AF4C525BF00D20079125F /* Client-Alodiga.swift */,
				BA6AF4DF25C246210079125F /* RegistroUnificado-Client.swift */,
			);
			path = WebServices;
			sourceTree = "<group>";
		};
		BAE1E9B4252BA993007F9CD6 /* Model */ = {
			isa = PBXGroup;
			children = (
				BAE1E9B5252BA9D5007F9CD6 /* ObjetError.swift */,
				BAE1E9F5252BE894007F9CD6 /* ObjectRegistroUnificado.swift */,
				BAE1EA54252E04EF007F9CD6 /* ObjectBase.swift */,
				BAE1EA4F252E04B2007F9CD6 /* ObjectAlodiga.swift */,
				BAE1EA69252EAEB4007F9CD6 /* ObjectLogin.swift */,
				BAE1EA6E252EC9EA007F9CD6 /* ObjectErrorLogin.swift */,
				045375A625475CF400D12D77 /* ObjectRegisterUser.swift */,
				045375B8254790F600D12D77 /* ObjectErrorRegisterUser.swift */,
				04ECA1282537D6A900A77BA1 /* ObjetCountry.swift */,
				04ECA12D2537DEA500A77BA1 /* ObjetErrorCountry.swift */,
				048612202549A799008E51CE /* ObjectToken.swift */,
				048612252549AA5F008E51CE /* ObjectErrorToken.swift */,
				0480418E255E19520025357E /* ObjectTokenAplication.swift */,
				04804193255E19FC0025357E /* ObjectErrorTokenAplication.swift */,
				BA1B8BBD256351C6002A6892 /* ObjectGetUsuarioByMovil.swift */,
				BA1B8BC225636672002A6892 /* ObjectGetUsuarioByMovilError.swift */,
				BA1B8BB52562F5C5002A6892 /* ObjectGetUsuarioByEmail.swift */,
				BA1B8BC72563668B002A6892 /* ObjectGetUsuarioByEmailError.swift */,
				04B6828025632D3000834E95 /* ObjectChangePassForgot.swift */,
				04B6828525632F8D00834E95 /* ObjectErrorPassForgot.swift */,
				04CD77202628A55800453557 /* ObjectParameterOptional.swift */,
				BA6AC2FA256752990072E6C5 /* ObjectCodeOprationError.swift */,
				BA6AC2FF2567FBA20072E6C5 /* ObjectProccesTransferenceError.swift */,
				BA6AC3042567FCD10072E6C5 /* ObjectProcessTransference.swift */,
				0471A9F82567542B00498491 /* ObjectSecretQuestions.swift */,
				0471A9FD2567551C00498491 /* ObjectErrorSecretQuestions.swift */,
				0492CD89256F418F009C5CD9 /* ObjectPreguntasSecretasUsuario.swift */,
				0492CD8E256F41A4009C5CD9 /* ObjectErrorPreguntasSecretasUsuario.swift */,
				049132EC257707FE00698369 /* ObjectValidateAccount.swift */,
				049132F12577081600698369 /* ObjectErrorValidateAccount.swift */,
				04CF66992579B27D006688BA /* ObjectBankByCountry.swift */,
				04CF669E2579B2A3006688BA /* ObjectErrorBankByCountry.swift */,
				04F85F83257B065400A35C83 /* ObjectProductsByBank.swift */,
				04F85F88257B068100A35C83 /* ObjectErrorProductsByBank.swift */,
				049FC9152582F13A00133FD7 /* ObjectManualWithdrawals.swift */,
				049FC91A2582F14800133FD7 /* ObjectErrorManualWithdrawals.swift */,
				0400441726267068007C4DEF /* ObjectDocumentPersonTypeByContry.swift */,
				0400441C262670A1007C4DEF /* ObjectErrorDocumentPersonTypeByContry.swift */,
				045951EE262FBD0500DC25F0 /* ObjectManualRecharge.swift */,
				045951F3262FBD1900DC25F0 /* ObjectErrorManualRecharge.swift */,
				BA6B7FBD2630ACB700E4184D /* ObjectKeyEncript.swift */,
			);
			path = Model;
			sourceTree = "<group>";
		};
/* End PBXGroup section */

/* Begin PBXNativeTarget section */
		467C04B524D857F20021F472 /* IOSAlodigaWalletApp */ = {
			isa = PBXNativeTarget;
			buildConfigurationList = 467C04E024D857F40021F472 /* Build configuration list for PBXNativeTarget "IOSAlodigaWalletApp" */;
			buildPhases = (
				467C04B224D857F20021F472 /* Sources */,
				467C04B324D857F20021F472 /* Frameworks */,
				467C04B424D857F20021F472 /* Resources */,
			);
			buildRules = (
			);
			dependencies = (
			);
			name = IOSAlodigaWalletApp;
			packageProductDependencies = (
				46B2713C24DB22B4005DB0C1 /* FloatingLabelTextFieldSwiftUI */,
			);
			productName = AlodigaWalletApp;
			productReference = 46838CC6250BB2AF00D9A97A /* AlodigaWalletApp.app */;
			productType = "com.apple.product-type.application";
		};
		467C04CB24D857F40021F472 /* IOSAlodigaWalletAppTests */ = {
			isa = PBXNativeTarget;
			buildConfigurationList = 467C04E324D857F40021F472 /* Build configuration list for PBXNativeTarget "IOSAlodigaWalletAppTests" */;
			buildPhases = (
				467C04C824D857F40021F472 /* Sources */,
				467C04C924D857F40021F472 /* Frameworks */,
				467C04CA24D857F40021F472 /* Resources */,
			);
			buildRules = (
			);
			dependencies = (
				467C04CE24D857F40021F472 /* PBXTargetDependency */,
			);
			name = IOSAlodigaWalletAppTests;
			productName = AlodigaWalletAppTests;
			productReference = 46838CC7250BB2AF00D9A97A /* IOSAlodigaWalletAppTests.xctest */;
			productType = "com.apple.product-type.bundle.unit-test";
		};
		467C04D624D857F40021F472 /* IOSAlodigaWalletAppUITests */ = {
			isa = PBXNativeTarget;
			buildConfigurationList = 467C04E624D857F40021F472 /* Build configuration list for PBXNativeTarget "IOSAlodigaWalletAppUITests" */;
			buildPhases = (
				467C04D324D857F40021F472 /* Sources */,
				467C04D424D857F40021F472 /* Frameworks */,
				467C04D524D857F40021F472 /* Resources */,
			);
			buildRules = (
			);
			dependencies = (
				467C04D924D857F40021F472 /* PBXTargetDependency */,
			);
			name = IOSAlodigaWalletAppUITests;
			productName = AlodigaWalletAppUITests;
			productReference = 46838CC8250BB2AF00D9A97A /* IOSAlodigaWalletAppUITests.xctest */;
			productType = "com.apple.product-type.bundle.ui-testing";
		};
/* End PBXNativeTarget section */

/* Begin PBXProject section */
		467C04AE24D857F20021F472 /* Project object */ = {
			isa = PBXProject;
			attributes = {
				LastSwiftUpdateCheck = 1160;
				LastUpgradeCheck = 1200;
				ORGANIZATIONNAME = "Kerwin Gomez";
				TargetAttributes = {
					467C04B524D857F20021F472 = {
						CreatedOnToolsVersion = 11.6;
					};
					467C04CB24D857F40021F472 = {
						CreatedOnToolsVersion = 11.6;
						TestTargetID = 467C04B524D857F20021F472;
					};
					467C04D624D857F40021F472 = {
						CreatedOnToolsVersion = 11.6;
						TestTargetID = 467C04B524D857F20021F472;
					};
				};
			};
			buildConfigurationList = 467C04B124D857F20021F472 /* Build configuration list for PBXProject "AlodigaWalletApp" */;
			compatibilityVersion = "Xcode 9.3";
			developmentRegion = en;
			hasScannedForEncodings = 0;
			knownRegions = (
				en,
				Base,
				"es-419",
				fr,
			);
			mainGroup = 467C04AD24D857F20021F472;
			packageReferences = (
				46B2713B24DB22B4005DB0C1 /* XCRemoteSwiftPackageReference "FloatingLabelTextFieldSwiftUI" */,
			);
			productRefGroup = 467C04AD24D857F20021F472;
			projectDirPath = "";
			projectRoot = "";
			targets = (
				467C04B524D857F20021F472 /* IOSAlodigaWalletApp */,
				467C04CB24D857F40021F472 /* IOSAlodigaWalletAppTests */,
				467C04D624D857F40021F472 /* IOSAlodigaWalletAppUITests */,
			);
		};
/* End PBXProject section */

/* Begin PBXResourcesBuildPhase section */
		467C04B424D857F20021F472 /* Resources */ = {
			isa = PBXResourcesBuildPhase;
			buildActionMask = 2147483647;
			files = (
				467C04C624D857F40021F472 /* LaunchScreen.storyboard in Resources */,
				46B2721024FD8280005DB0C1 /* Localizable.strings in Resources */,
				467C04C324D857F40021F472 /* Preview Assets.xcassets in Resources */,
				46B271BE24EAE225005DB0C1 /* Color.xcassets in Resources */,
				467C04C024D857F40021F472 /* Assets.xcassets in Resources */,
				46B2714124DDABEE005DB0C1 /* main.storyboard in Resources */,
			);
			runOnlyForDeploymentPostprocessing = 0;
		};
		467C04CA24D857F40021F472 /* Resources */ = {
			isa = PBXResourcesBuildPhase;
			buildActionMask = 2147483647;
			files = (
			);
			runOnlyForDeploymentPostprocessing = 0;
		};
		467C04D524D857F40021F472 /* Resources */ = {
			isa = PBXResourcesBuildPhase;
			buildActionMask = 2147483647;
			files = (
			);
			runOnlyForDeploymentPostprocessing = 0;
		};
/* End PBXResourcesBuildPhase section */

/* Begin PBXSourcesBuildPhase section */
		467C04B224D857F20021F472 /* Sources */ = {
			isa = PBXSourcesBuildPhase;
			buildActionMask = 2147483647;
			files = (
				0492CD8F256F41A4009C5CD9 /* ObjectErrorPreguntasSecretasUsuario.swift in Sources */,
				46B271BC24E463D5005DB0C1 /* UIDevice.swift in Sources */,
				46B271F624FA7903005DB0C1 /* MenuView.swift in Sources */,
				0480418F255E19520025357E /* ObjectTokenAplication.swift in Sources */,
				46870D642502825400984049 /* ExtensionColor.swift in Sources */,
				BA647E1925406E0200598944 /* ShowAlert.swift in Sources */,
				46870D62250281AF00984049 /* Constans.swift in Sources */,
				049FC9162582F13A00133FD7 /* ObjectManualWithdrawals.swift in Sources */,
				04BEBC3125157E0700960B9F /* ProductTopUpView.swift in Sources */,
				BA6AC327257D1C7E0072E6C5 /* ChangePasswordController.swift in Sources */,
				BA6AC2E825644DE00072E6C5 /* Utils.swift in Sources */,
				043FEC93251BFD5B005C518B /* SuccesfulRecoverView.swift in Sources */,
				BA6AF4E025C246210079125F /* RegistroUnificado-Client.swift in Sources */,
				04D6DA62251A4A9B0053125C /* ValidateAccountView.swift in Sources */,
				BA1B8BC325636672002A6892 /* ObjectGetUsuarioByMovilError.swift in Sources */,
				BA1B8BA82562DD27002A6892 /* TransferenceController.swift in Sources */,
				04ECA12E2537DEA500A77BA1 /* ObjetErrorCountry.swift in Sources */,
				0471A9F92567542B00498491 /* ObjectSecretQuestions.swift in Sources */,
				04D6DA93251AAC880053125C /* ValidateAdressView.swift in Sources */,
				04804194255E19FC0025357E /* ObjectErrorTokenAplication.swift in Sources */,
				04D322D52518EA4E00F3F38C /* OperationKeyTopUpView.swift in Sources */,
				045375B9254790F600D12D77 /* ObjectErrorRegisterUser.swift in Sources */,
				BA6AC2ED2564AA790072E6C5 /* FailCodeOperation.swift in Sources */,
				049132ED257707FE00698369 /* ObjectValidateAccount.swift in Sources */,
				BAE1E9BB252BA9EB007F9CD6 /* WebServicesCall.swift in Sources */,
				46DBC48A251287DF008D42B3 /* SignUpView.swift in Sources */,
				46B271F824FD2831005DB0C1 /* LoginView.swift in Sources */,
				46DBC47825128547008D42B3 /* SuccesfulPaymentQRView.swift in Sources */,
				048612262549AA5F008E51CE /* ObjectErrorToken.swift in Sources */,
				040044102626542F007C4DEF /* FormSignUpView2.swift in Sources */,
				BA6B7FB6262F8A9000E4184D /* SpinnerUltSecretQuestion.swift in Sources */,
				46DBC4762512852E008D42B3 /* PaymentBusinessesQRView.swift in Sources */,
				045D399525719B2900A98BCA /* SuccessfulChangeView.swift in Sources */,
				043FEC86251BE2EE005C518B /* RecoverPasswordView.swift in Sources */,
				04D322C52518E54C00F3F38C /* ConfirmationTopUpView.swift in Sources */,
				BA6AC310256D5E5B0072E6C5 /* TransferenceQr.swift in Sources */,
				BAE1EA65252E8DCB007F9CD6 /* LoginController.swift in Sources */,
				0480419A255E1AB40025357E /* RecoverController.swift in Sources */,
				BA6AC3052567FCD10072E6C5 /* ObjectProcessTransference.swift in Sources */,
				04D6DA562519551E0053125C /* ConfirmationConvertView.swift in Sources */,
				46870D5724FD96A600984049 /* TransferenceView.swift in Sources */,
				BA1B8BC82563668B002A6892 /* ObjectGetUsuarioByEmailError.swift in Sources */,
				BA6AC33925813B9D0072E6C5 /* Progress.swift in Sources */,
				BAC6171A2583EB490057CBC4 /* Loading.swift in Sources */,
				0400441D262670A1007C4DEF /* ObjectErrorDocumentPersonTypeByContry.swift in Sources */,
				049FC91B2582F14800133FD7 /* ObjectErrorManualWithdrawals.swift in Sources */,
				46DBC4742512851E008D42B3 /* OperationsKeyQRView.swift in Sources */,
				049132F22577081600698369 /* ObjectErrorValidateAccount.swift in Sources */,
				04B6828125632D3000834E95 /* ObjectChangePassForgot.swift in Sources */,
				46DBC488251287C4008D42B3 /* PassByTokenView.swift in Sources */,
				049132E82577065A00698369 /* ValidateAccountController.swift in Sources */,
				0471A9FE2567551C00498491 /* ObjectErrorSecretQuestions.swift in Sources */,
				045951C7262E4D7700DC25F0 /* SpinnerBankR.swift in Sources */,
				0492CD8A256F418F009C5CD9 /* ObjectPreguntasSecretasUsuario.swift in Sources */,
				0422337D2513EA8D00AEB65F /* SucesfullRechargeView.swift in Sources */,
				04CF669F2579B2A3006688BA /* ObjectErrorBankByCountry.swift in Sources */,
				BAE1E9B6252BA9D5007F9CD6 /* ObjetError.swift in Sources */,
				045375A725475CF400D12D77 /* ObjectRegisterUser.swift in Sources */,
				04D6DA7F251A98630053125C /* TakePhotoView.swift in Sources */,
				04BEBC332515829600960B9F /* SuccessTopUpView.swift in Sources */,
				BA6B7FBE2630ACB700E4184D /* ObjectKeyEncript.swift in Sources */,
				46DBC46B250BC236008D42B3 /* RecoverPasswordByTokenView.swift in Sources */,
				BA1B8B95255C11B2002A6892 /* SpinnerOption.swift in Sources */,
				0422338B251551F600AEB65F /* TopUpView.swift in Sources */,
				0400441826267068007C4DEF /* ObjectDocumentPersonTypeByContry.swift in Sources */,
				BAE1E9F1252BC687007F9CD6 /* ParseXMLData.swift in Sources */,
				BA1B8BB62562F5C5002A6892 /* ObjectGetUsuarioByEmail.swift in Sources */,
				467C04BA24D857F30021F472 /* AppDelegate.swift in Sources */,
				04D6DA8E251AABC10053125C /* PhotoViewStepTwoView.swift in Sources */,
				044BD0BB2548CEBE005A6754 /* SuccessfulQuestionsView.swift in Sources */,
				045951CF262E4D8C00DC25F0 /* SpinnerProductR.swift in Sources */,
				BA6B7FAC262F8A7B00E4184D /* SpinnerSecretQuestions.swift in Sources */,
				042233842514121C00AEB65F /* WithdrawalConfirmationView.swift in Sources */,
				BAE1EA6A252EAEB4007F9CD6 /* ObjectLogin.swift in Sources */,
				04CD77212628A55800453557 /* ObjectParameterOptional.swift in Sources */,
				0422337B2513B84C00AEB65F /* RechargeConfirmationView.swift in Sources */,
				045951EF262FBD0600DC25F0 /* ObjectManualRecharge.swift in Sources */,
				BA1B8BA0255C1985002A6892 /* SpinnerCurrencyTransference.swift in Sources */,
				04D6DA6D251A5C3F0053125C /* AccountExpiredView.swift in Sources */,
				049FC90B2582B32C00133FD7 /* SpinnerProduct.swift in Sources */,
				0406178F2581822E0028860D /* SpinnerCountry.swift in Sources */,
				04B2F4332513A82800DBDA03 /* RechargeView.swift in Sources */,
				BAC6171F2583F1F00057CBC4 /* Loadinv2.swift in Sources */,
				04D6DA84251AA2C70053125C /* PhotoView.swift in Sources */,
				BAE1EA50252E04B2007F9CD6 /* ObjectAlodiga.swift in Sources */,
				BA6AF4C625BF00D20079125F /* Client-Alodiga.swift in Sources */,
				BA1B8BBE256351C6002A6892 /* ObjectGetUsuarioByMovil.swift in Sources */,
				04ECA1212537CC7600A77BA1 /* RegisterController.swift in Sources */,
				04F85F84257B065400A35C83 /* ObjectProductsByBank.swift in Sources */,
				BAE1EA55252E04EF007F9CD6 /* ObjectBase.swift in Sources */,
				04CF669A2579B27D006688BA /* ObjectBankByCountry.swift in Sources */,
				0422338225140EC300AEB65F /* WithdrawalView.swift in Sources */,
				04F85F89257B068100A35C83 /* ObjectErrorProductsByBank.swift in Sources */,
				BA6AC2FB256752990072E6C5 /* ObjectCodeOprationError.swift in Sources */,
				04D6DA51251953B00053125C /* OperationKeyConvertView.swift in Sources */,
				04B6828625632F8D00834E95 /* ObjectErrorPassForgot.swift in Sources */,
				BAE1E9E6252BC13E007F9CD6 /* ResponseController.swift in Sources */,
				04D6DA49251946650053125C /* CommissionView.swift in Sources */,
				BA6B7FB1262F8A8800E4184D /* SpinnerSecundSecretQuestions.swift in Sources */,
				46DBC480251286C4008D42B3 /* SuccesfulTransactionView.swift in Sources */,
				46DBC47C2512866C008D42B3 /* ConfirmationView.swift in Sources */,
				045951F4262FBD1900DC25F0 /* ObjectErrorManualRecharge.swift in Sources */,
				0471AA03256755BD00498491 /* SecretQuestionsController.swift in Sources */,
				BAE1E9F6252BE894007F9CD6 /* ObjectRegistroUnificado.swift in Sources */,
				04ECA1292537D6A900A77BA1 /* ObjetCountry.swift in Sources */,
				46DBC47A2512855A008D42B3 /* TargetCustomerQRView.swift in Sources */,
				04D6DA77251A968D0053125C /* ValidateAccountFirstView.swift in Sources */,
				04E3D09E251AB9D700DA1B31 /* SuccesfullValidateView.swift in Sources */,
				46DBC4862512879B008D42B3 /* FormSignUpView.swift in Sources */,
				045D398D25718EBC00A98BCA /* ChangePasswordView.swift in Sources */,
				04D6DA89251AA5690053125C /* StepTwoView.swift in Sources */,
				045951BF262E4D5B00DC25F0 /* SpinnerCountryR.swift in Sources */,
				04CF66952579A75F006688BA /* WithdrawalControler.swift in Sources */,
				46DBC482251286E6008D42B3 /* TargetCustomerView.swift in Sources */,
				042233862514134B00AEB65F /* SucesfullWithdrawalView.swift in Sources */,
				46DBC48C25128804008D42B3 /* WelcomeView.swift in Sources */,
				BA6AC3002567FBA20072E6C5 /* ObjectProccesTransferenceError.swift in Sources */,
				0400442226267404007C4DEF /* SpinnerDocumentPersonByCountry.swift in Sources */,
				467C04BC24D857F30021F472 /* SceneDelegate.swift in Sources */,
				043FEC8E251BF601005C518B /* SecurityLevelView.swift in Sources */,
				04D6DA41251913210053125C /* ConvertView.swift in Sources */,
				BA1B8B8325545277002A6892 /* remittancesStep1.swift in Sources */,
				BAE1EA6F252EC9EA007F9CD6 /* ObjectErrorLogin.swift in Sources */,
				044BD0B12548AEF5005A6754 /* SecurityQuestionsView.swift in Sources */,
				46DBC472251284B9008D42B3 /* ConfirmationQRView.swift in Sources */,
				46DBC47E2512869E008D42B3 /* OperationsKeyView.swift in Sources */,
				049FC9062582AE7F00133FD7 /* SpinnerBank.swift in Sources */,
				BAC617242583F4CA0057CBC4 /* LoadingV3.swift in Sources */,
				048612212549A799008E51CE /* ObjectToken.swift in Sources */,
				46B271FA24FD626B005DB0C1 /* MainViewLogged.swift in Sources */,
			);
			runOnlyForDeploymentPostprocessing = 0;
		};
		467C04C824D857F40021F472 /* Sources */ = {
			isa = PBXSourcesBuildPhase;
			buildActionMask = 2147483647;
			files = (
				467C04D124D857F40021F472 /* AlodigaWalletAppTests.swift in Sources */,
			);
			runOnlyForDeploymentPostprocessing = 0;
		};
		467C04D324D857F40021F472 /* Sources */ = {
			isa = PBXSourcesBuildPhase;
			buildActionMask = 2147483647;
			files = (
				467C04DC24D857F40021F472 /* AlodigaWalletAppUITests.swift in Sources */,
			);
			runOnlyForDeploymentPostprocessing = 0;
		};
/* End PBXSourcesBuildPhase section */

/* Begin PBXTargetDependency section */
		467C04CE24D857F40021F472 /* PBXTargetDependency */ = {
			isa = PBXTargetDependency;
			target = 467C04B524D857F20021F472 /* IOSAlodigaWalletApp */;
			targetProxy = 467C04CD24D857F40021F472 /* PBXContainerItemProxy */;
		};
		467C04D924D857F40021F472 /* PBXTargetDependency */ = {
			isa = PBXTargetDependency;
			target = 467C04B524D857F20021F472 /* IOSAlodigaWalletApp */;
			targetProxy = 467C04D824D857F40021F472 /* PBXContainerItemProxy */;
		};
/* End PBXTargetDependency section */

/* Begin PBXVariantGroup section */
		467C04C424D857F40021F472 /* LaunchScreen.storyboard */ = {
			isa = PBXVariantGroup;
			children = (
				467C04C524D857F40021F472 /* Base */,
				46B2721324FD83C5005DB0C1 /* es-419 */,
				46870D5824FD9B4700984049 /* fr */,
			);
			name = LaunchScreen.storyboard;
			sourceTree = "<group>";
		};
		46B2720D24FD820A005DB0C1 /* Localizable.strings */ = {
			isa = PBXVariantGroup;
			children = (
				46B2720C24FD820A005DB0C1 /* en */,
				46B2721424FD83C5005DB0C1 /* es-419 */,
				46870D5924FD9B4700984049 /* fr */,
			);
			name = Localizable.strings;
			sourceTree = "<group>";
		};
/* End PBXVariantGroup section */

/* Begin XCBuildConfiguration section */
		467C04DE24D857F40021F472 /* Debug */ = {
			isa = XCBuildConfiguration;
			buildSettings = {
				ALWAYS_SEARCH_USER_PATHS = NO;
				CLANG_ANALYZER_LOCALIZABILITY_NONLOCALIZED = YES;
				CLANG_ANALYZER_NONNULL = YES;
				CLANG_ANALYZER_NUMBER_OBJECT_CONVERSION = YES_AGGRESSIVE;
				CLANG_CXX_LANGUAGE_STANDARD = "gnu++14";
				CLANG_CXX_LIBRARY = "libc++";
				CLANG_ENABLE_MODULES = YES;
				CLANG_ENABLE_OBJC_ARC = YES;
				CLANG_ENABLE_OBJC_WEAK = YES;
				CLANG_WARN_BLOCK_CAPTURE_AUTORELEASING = YES;
				CLANG_WARN_BOOL_CONVERSION = YES;
				CLANG_WARN_COMMA = YES;
				CLANG_WARN_CONSTANT_CONVERSION = YES;
				CLANG_WARN_DEPRECATED_OBJC_IMPLEMENTATIONS = YES;
				CLANG_WARN_DIRECT_OBJC_ISA_USAGE = YES_ERROR;
				CLANG_WARN_DOCUMENTATION_COMMENTS = YES;
				CLANG_WARN_EMPTY_BODY = YES;
				CLANG_WARN_ENUM_CONVERSION = YES;
				CLANG_WARN_INFINITE_RECURSION = YES;
				CLANG_WARN_INT_CONVERSION = YES;
				CLANG_WARN_NON_LITERAL_NULL_CONVERSION = YES;
				CLANG_WARN_OBJC_IMPLICIT_RETAIN_SELF = YES;
				CLANG_WARN_OBJC_LITERAL_CONVERSION = YES;
				CLANG_WARN_OBJC_ROOT_CLASS = YES_ERROR;
				CLANG_WARN_QUOTED_INCLUDE_IN_FRAMEWORK_HEADER = YES;
				CLANG_WARN_RANGE_LOOP_ANALYSIS = YES;
				CLANG_WARN_STRICT_PROTOTYPES = YES;
				CLANG_WARN_SUSPICIOUS_MOVE = YES;
				CLANG_WARN_UNGUARDED_AVAILABILITY = YES_AGGRESSIVE;
				CLANG_WARN_UNREACHABLE_CODE = YES;
				CLANG_WARN__DUPLICATE_METHOD_MATCH = YES;
				COPY_PHASE_STRIP = NO;
				DEBUG_INFORMATION_FORMAT = dwarf;
				ENABLE_STRICT_OBJC_MSGSEND = YES;
				ENABLE_TESTABILITY = YES;
				GCC_C_LANGUAGE_STANDARD = gnu11;
				GCC_DYNAMIC_NO_PIC = NO;
				GCC_NO_COMMON_BLOCKS = YES;
				GCC_OPTIMIZATION_LEVEL = 0;
				GCC_PREPROCESSOR_DEFINITIONS = (
					"DEBUG=1",
					"$(inherited)",
				);
				GCC_WARN_64_TO_32_BIT_CONVERSION = YES;
				GCC_WARN_ABOUT_RETURN_TYPE = YES_ERROR;
				GCC_WARN_UNDECLARED_SELECTOR = YES;
				GCC_WARN_UNINITIALIZED_AUTOS = YES_AGGRESSIVE;
				GCC_WARN_UNUSED_FUNCTION = YES;
				GCC_WARN_UNUSED_VARIABLE = YES;
				IPHONEOS_DEPLOYMENT_TARGET = 13.6;
				MTL_ENABLE_DEBUG_INFO = INCLUDE_SOURCE;
				MTL_FAST_MATH = YES;
				ONLY_ACTIVE_ARCH = YES;
				SDKROOT = iphoneos;
				SWIFT_ACTIVE_COMPILATION_CONDITIONS = DEBUG;
				SWIFT_OPTIMIZATION_LEVEL = "-Onone";
			};
			name = Debug;
		};
		467C04DF24D857F40021F472 /* Release */ = {
			isa = XCBuildConfiguration;
			buildSettings = {
				ALWAYS_SEARCH_USER_PATHS = NO;
				CLANG_ANALYZER_LOCALIZABILITY_NONLOCALIZED = YES;
				CLANG_ANALYZER_NONNULL = YES;
				CLANG_ANALYZER_NUMBER_OBJECT_CONVERSION = YES_AGGRESSIVE;
				CLANG_CXX_LANGUAGE_STANDARD = "gnu++14";
				CLANG_CXX_LIBRARY = "libc++";
				CLANG_ENABLE_MODULES = YES;
				CLANG_ENABLE_OBJC_ARC = YES;
				CLANG_ENABLE_OBJC_WEAK = YES;
				CLANG_WARN_BLOCK_CAPTURE_AUTORELEASING = YES;
				CLANG_WARN_BOOL_CONVERSION = YES;
				CLANG_WARN_COMMA = YES;
				CLANG_WARN_CONSTANT_CONVERSION = YES;
				CLANG_WARN_DEPRECATED_OBJC_IMPLEMENTATIONS = YES;
				CLANG_WARN_DIRECT_OBJC_ISA_USAGE = YES_ERROR;
				CLANG_WARN_DOCUMENTATION_COMMENTS = YES;
				CLANG_WARN_EMPTY_BODY = YES;
				CLANG_WARN_ENUM_CONVERSION = YES;
				CLANG_WARN_INFINITE_RECURSION = YES;
				CLANG_WARN_INT_CONVERSION = YES;
				CLANG_WARN_NON_LITERAL_NULL_CONVERSION = YES;
				CLANG_WARN_OBJC_IMPLICIT_RETAIN_SELF = YES;
				CLANG_WARN_OBJC_LITERAL_CONVERSION = YES;
				CLANG_WARN_OBJC_ROOT_CLASS = YES_ERROR;
				CLANG_WARN_QUOTED_INCLUDE_IN_FRAMEWORK_HEADER = YES;
				CLANG_WARN_RANGE_LOOP_ANALYSIS = YES;
				CLANG_WARN_STRICT_PROTOTYPES = YES;
				CLANG_WARN_SUSPICIOUS_MOVE = YES;
				CLANG_WARN_UNGUARDED_AVAILABILITY = YES_AGGRESSIVE;
				CLANG_WARN_UNREACHABLE_CODE = YES;
				CLANG_WARN__DUPLICATE_METHOD_MATCH = YES;
				COPY_PHASE_STRIP = NO;
				DEBUG_INFORMATION_FORMAT = "dwarf-with-dsym";
				ENABLE_NS_ASSERTIONS = NO;
				ENABLE_STRICT_OBJC_MSGSEND = YES;
				GCC_C_LANGUAGE_STANDARD = gnu11;
				GCC_NO_COMMON_BLOCKS = YES;
				GCC_WARN_64_TO_32_BIT_CONVERSION = YES;
				GCC_WARN_ABOUT_RETURN_TYPE = YES_ERROR;
				GCC_WARN_UNDECLARED_SELECTOR = YES;
				GCC_WARN_UNINITIALIZED_AUTOS = YES_AGGRESSIVE;
				GCC_WARN_UNUSED_FUNCTION = YES;
				GCC_WARN_UNUSED_VARIABLE = YES;
				IPHONEOS_DEPLOYMENT_TARGET = 13.6;
				MTL_ENABLE_DEBUG_INFO = NO;
				MTL_FAST_MATH = YES;
				SDKROOT = iphoneos;
				SWIFT_COMPILATION_MODE = wholemodule;
				SWIFT_OPTIMIZATION_LEVEL = "-O";
				VALIDATE_PRODUCT = YES;
			};
			name = Release;
		};
		467C04E124D857F40021F472 /* Debug */ = {
			isa = XCBuildConfiguration;
			buildSettings = {
				ASSETCATALOG_COMPILER_APPICON_NAME = AppIcon;
				CODE_SIGN_STYLE = Automatic;
				DEVELOPMENT_ASSET_PATHS = "\"AlodigaWalletApp/Preview Content\"";
				ENABLE_PREVIEWS = YES;
				INFOPLIST_FILE = AlodigaWalletApp/Info.plist;
				LD_RUNPATH_SEARCH_PATHS = (
					"$(inherited)",
					"@executable_path/Frameworks",
				);
				PRODUCT_BUNDLE_IDENTIFIER = Alodiga.AlodigaWalletApp;
				PRODUCT_NAME = AlodigaWalletApp;
				SWIFT_VERSION = 5.0;
				TARGETED_DEVICE_FAMILY = "1,2";
			};
			name = Debug;
		};
		467C04E224D857F40021F472 /* Release */ = {
			isa = XCBuildConfiguration;
			buildSettings = {
				ASSETCATALOG_COMPILER_APPICON_NAME = AppIcon;
				CODE_SIGN_STYLE = Automatic;
				DEVELOPMENT_ASSET_PATHS = "\"AlodigaWalletApp/Preview Content\"";
				ENABLE_PREVIEWS = YES;
				INFOPLIST_FILE = AlodigaWalletApp/Info.plist;
				LD_RUNPATH_SEARCH_PATHS = (
					"$(inherited)",
					"@executable_path/Frameworks",
				);
				PRODUCT_BUNDLE_IDENTIFIER = Alodiga.AlodigaWalletApp;
				PRODUCT_NAME = AlodigaWalletApp;
				SWIFT_VERSION = 5.0;
				TARGETED_DEVICE_FAMILY = "1,2";
			};
			name = Release;
		};
		467C04E424D857F40021F472 /* Debug */ = {
			isa = XCBuildConfiguration;
			buildSettings = {
				ALWAYS_EMBED_SWIFT_STANDARD_LIBRARIES = YES;
				BUNDLE_LOADER = "$(TEST_HOST)";
				CODE_SIGN_STYLE = Automatic;
				INFOPLIST_FILE = AlodigaWalletAppTests/Info.plist;
				IPHONEOS_DEPLOYMENT_TARGET = 13.6;
				LD_RUNPATH_SEARCH_PATHS = (
					"$(inherited)",
					"@executable_path/Frameworks",
					"@loader_path/Frameworks",
				);
				PRODUCT_BUNDLE_IDENTIFIER = Alodiga.AlodigaWalletAppTests;
				PRODUCT_NAME = "$(TARGET_NAME)";
				SWIFT_VERSION = 5.0;
				TARGETED_DEVICE_FAMILY = "1,2";
				TEST_HOST = "$(BUILT_PRODUCTS_DIR)/IOSAlodigaWalletApp.app/IOSAlodigaWalletApp";
			};
			name = Debug;
		};
		467C04E524D857F40021F472 /* Release */ = {
			isa = XCBuildConfiguration;
			buildSettings = {
				ALWAYS_EMBED_SWIFT_STANDARD_LIBRARIES = YES;
				BUNDLE_LOADER = "$(TEST_HOST)";
				CODE_SIGN_STYLE = Automatic;
				INFOPLIST_FILE = AlodigaWalletAppTests/Info.plist;
				IPHONEOS_DEPLOYMENT_TARGET = 13.6;
				LD_RUNPATH_SEARCH_PATHS = (
					"$(inherited)",
					"@executable_path/Frameworks",
					"@loader_path/Frameworks",
				);
				PRODUCT_BUNDLE_IDENTIFIER = Alodiga.AlodigaWalletAppTests;
				PRODUCT_NAME = "$(TARGET_NAME)";
				SWIFT_VERSION = 5.0;
				TARGETED_DEVICE_FAMILY = "1,2";
				TEST_HOST = "$(BUILT_PRODUCTS_DIR)/IOSAlodigaWalletApp.app/IOSAlodigaWalletApp";
			};
			name = Release;
		};
		467C04E724D857F40021F472 /* Debug */ = {
			isa = XCBuildConfiguration;
			buildSettings = {
				ALWAYS_EMBED_SWIFT_STANDARD_LIBRARIES = YES;
				CODE_SIGN_STYLE = Automatic;
				INFOPLIST_FILE = AlodigaWalletAppUITests/Info.plist;
				LD_RUNPATH_SEARCH_PATHS = (
					"$(inherited)",
					"@executable_path/Frameworks",
					"@loader_path/Frameworks",
				);
				PRODUCT_BUNDLE_IDENTIFIER = Alodiga.AlodigaWalletAppUITests;
				PRODUCT_NAME = "$(TARGET_NAME)";
				SWIFT_VERSION = 5.0;
				TARGETED_DEVICE_FAMILY = "1,2";
				TEST_TARGET_NAME = AlodigaWalletApp;
			};
			name = Debug;
		};
		467C04E824D857F40021F472 /* Release */ = {
			isa = XCBuildConfiguration;
			buildSettings = {
				ALWAYS_EMBED_SWIFT_STANDARD_LIBRARIES = YES;
				CODE_SIGN_STYLE = Automatic;
				INFOPLIST_FILE = AlodigaWalletAppUITests/Info.plist;
				LD_RUNPATH_SEARCH_PATHS = (
					"$(inherited)",
					"@executable_path/Frameworks",
					"@loader_path/Frameworks",
				);
				PRODUCT_BUNDLE_IDENTIFIER = Alodiga.AlodigaWalletAppUITests;
				PRODUCT_NAME = "$(TARGET_NAME)";
				SWIFT_VERSION = 5.0;
				TARGETED_DEVICE_FAMILY = "1,2";
				TEST_TARGET_NAME = AlodigaWalletApp;
			};
			name = Release;
		};
/* End XCBuildConfiguration section */

/* Begin XCConfigurationList section */
		467C04B124D857F20021F472 /* Build configuration list for PBXProject "AlodigaWalletApp" */ = {
			isa = XCConfigurationList;
			buildConfigurations = (
				467C04DE24D857F40021F472 /* Debug */,
				467C04DF24D857F40021F472 /* Release */,
			);
			defaultConfigurationIsVisible = 0;
			defaultConfigurationName = Release;
		};
		467C04E024D857F40021F472 /* Build configuration list for PBXNativeTarget "IOSAlodigaWalletApp" */ = {
			isa = XCConfigurationList;
			buildConfigurations = (
				467C04E124D857F40021F472 /* Debug */,
				467C04E224D857F40021F472 /* Release */,
			);
			defaultConfigurationIsVisible = 0;
			defaultConfigurationName = Release;
		};
		467C04E324D857F40021F472 /* Build configuration list for PBXNativeTarget "IOSAlodigaWalletAppTests" */ = {
			isa = XCConfigurationList;
			buildConfigurations = (
				467C04E424D857F40021F472 /* Debug */,
				467C04E524D857F40021F472 /* Release */,
			);
			defaultConfigurationIsVisible = 0;
			defaultConfigurationName = Release;
		};
		467C04E624D857F40021F472 /* Build configuration list for PBXNativeTarget "IOSAlodigaWalletAppUITests" */ = {
			isa = XCConfigurationList;
			buildConfigurations = (
				467C04E724D857F40021F472 /* Debug */,
				467C04E824D857F40021F472 /* Release */,
			);
			defaultConfigurationIsVisible = 0;
			defaultConfigurationName = Release;
		};
/* End XCConfigurationList section */

/* Begin XCRemoteSwiftPackageReference section */
		46B2713B24DB22B4005DB0C1 /* XCRemoteSwiftPackageReference "FloatingLabelTextFieldSwiftUI" */ = {
			isa = XCRemoteSwiftPackageReference;
			repositoryURL = "https://github.com/kishanraja/FloatingLabelTextFieldSwiftUI";
			requirement = {
				kind = upToNextMajorVersion;
				minimumVersion = 4.0.1;
			};
		};
/* End XCRemoteSwiftPackageReference section */

/* Begin XCSwiftPackageProductDependency section */
		46B2713C24DB22B4005DB0C1 /* FloatingLabelTextFieldSwiftUI */ = {
			isa = XCSwiftPackageProductDependency;
			package = 46B2713B24DB22B4005DB0C1 /* XCRemoteSwiftPackageReference "FloatingLabelTextFieldSwiftUI" */;
			productName = FloatingLabelTextFieldSwiftUI;
		};
/* End XCSwiftPackageProductDependency section */
	};
	rootObject = 467C04AE24D857F20021F472 /* Project object */;
}
